{
  "object": {
    "pins": [
      {
        "package": "FloatingPanel",
        "repositoryURL": "https://github.com/scenee/FloatingPanel",
        "state": {
          "branch": "master",
          "revision": "e39f634d348110bcb7fd555e5a6bc97ceaa58de7",
          "version": null
        }
      },
      {
        "package": "Introspect",
        "repositoryURL": "https://github.com/siteline/SwiftUI-Introspect",
        "state": {
          "branch": "master",
          "revision": "72a509c93166540c0adf8323fd2652daade7f9f6",
          "version": null
        }
      }
    ]
  },
  "version": 1
}
