// !$*UTF8*$!
{
	archiveVersion = 1;
	classes = {
	};
	objectVersion = 55;
	objects = {

/* Begin PBXBuildFile section */
		270241BA27698A36003084E5 /* String+Extension.swift in Sources */ = {isa = PBXBuildFile; fileRef = 270241B927698A36003084E5 /* String+Extension.swift */; };
		273157BA2771A04500256151 /* WalletConnect.swift in Sources */ = {isa = PBXBuildFile; fileRef = 273157B92771A04500256151 /* WalletConnect.swift */; };
		273157BD2771A06B00256151 /* WalletConnectSwift in Frameworks */ = {isa = PBXBuildFile; productRef = 273157BC2771A06B00256151 /* WalletConnectSwift */; };
		273157BF2771D46A00256151 /* UserDefaults+Extension.swift in Sources */ = {isa = PBXBuildFile; fileRef = 273157BE2771D46A00256151 /* UserDefaults+Extension.swift */; };
		273157C12771D55B00256151 /* UserDefault.swift in Sources */ = {isa = PBXBuildFile; fileRef = 273157C02771D55B00256151 /* UserDefault.swift */; };
		273E325E27C34D1C009F6B1C /* QRCodeGenerator.swift in Sources */ = {isa = PBXBuildFile; fileRef = 273E325D27C34D1C009F6B1C /* QRCodeGenerator.swift */; };
		27410768276B0B8900E77A00 /* Introspect in Frameworks */ = {isa = PBXBuildFile; productRef = 27410767276B0B8900E77A00 /* Introspect */; };
		27410779276C320600E77A00 /* BigXButton.swift in Sources */ = {isa = PBXBuildFile; fileRef = 27410778276C320600E77A00 /* BigXButton.swift */; };
		2741077C276C972000E77A00 /* OrderedCollections in Frameworks */ = {isa = PBXBuildFile; productRef = 2741077B276C972000E77A00 /* OrderedCollections */; };
		27410787276EE0A900E77A00 /* Auth+Extension.swift in Sources */ = {isa = PBXBuildFile; fileRef = 27410786276EE0A900E77A00 /* Auth+Extension.swift */; };
		274107892770343B00E77A00 /* WalletConnectionView.swift in Sources */ = {isa = PBXBuildFile; fileRef = 274107882770343B00E77A00 /* WalletConnectionView.swift */; };
		274AEBCD278A289900BE6E55 /* CircleImageView.swift in Sources */ = {isa = PBXBuildFile; fileRef = 274AEBCC278A289900BE6E55 /* CircleImageView.swift */; };
		27557D90276B068A0044A864 /* SystemBottomSheet.swift in Sources */ = {isa = PBXBuildFile; fileRef = 270241B127687040003084E5 /* SystemBottomSheet.swift */; };
		27557D91276B068A0044A864 /* BottomSheetViewController.swift in Sources */ = {isa = PBXBuildFile; fileRef = 270241B227687040003084E5 /* BottomSheetViewController.swift */; };
		275B82AC279631C0003D9B15 /* OpenSea.swift in Sources */ = {isa = PBXBuildFile; fileRef = 275B82AB279631C0003D9B15 /* OpenSea.swift */; };
		275B82AE27967599003D9B15 /* NFTStats.swift in Sources */ = {isa = PBXBuildFile; fileRef = 275B82AD27967599003D9B15 /* NFTStats.swift */; };
		275B82B0279675AC003D9B15 /* NFTCollection.swift in Sources */ = {isa = PBXBuildFile; fileRef = 275B82AF279675AC003D9B15 /* NFTCollection.swift */; };
		275B82B2279675C2003D9B15 /* NFT.swift in Sources */ = {isa = PBXBuildFile; fileRef = 275B82B1279675C2003D9B15 /* NFT.swift */; };
		275B82B427968764003D9B15 /* NFTViewModel.swift in Sources */ = {isa = PBXBuildFile; fileRef = 275B82B327968764003D9B15 /* NFTViewModel.swift */; };
		275B82B627968BC9003D9B15 /* NFTImage.swift in Sources */ = {isa = PBXBuildFile; fileRef = 275B82B527968BC9003D9B15 /* NFTImage.swift */; };
		275B82B8279A4AC7003D9B15 /* CollectiblesDetailView.swift in Sources */ = {isa = PBXBuildFile; fileRef = 275B82B7279A4AC7003D9B15 /* CollectiblesDetailView.swift */; };
		275B82BA279A6BB8003D9B15 /* FullModal.swift in Sources */ = {isa = PBXBuildFile; fileRef = 275B82B9279A6BB8003D9B15 /* FullModal.swift */; };
		275B82D1279BB633003D9B15 /* CompactText.swift in Sources */ = {isa = PBXBuildFile; fileRef = 275B82D0279BB633003D9B15 /* CompactText.swift */; };
		2761D52C2793CFAA00BDF310 /* PureCell.swift in Sources */ = {isa = PBXBuildFile; fileRef = 2761D52B2793CFAA00BDF310 /* PureCell.swift */; };
		2761D52E2793CFC700BDF310 /* HomeHeader.swift in Sources */ = {isa = PBXBuildFile; fileRef = 2761D52D2793CFC700BDF310 /* HomeHeader.swift */; };
		2761D5312793D04700BDF310 /* NavigationBarAppearance.swift in Sources */ = {isa = PBXBuildFile; fileRef = 2761D5302793D04700BDF310 /* NavigationBarAppearance.swift */; };
		2761D5332794DC4C00BDF310 /* CollectiblesView.swift in Sources */ = {isa = PBXBuildFile; fileRef = 2761D5322794DC4C00BDF310 /* CollectiblesView.swift */; };
		2763CCD627A899F6002660F5 /* SettingsViewModel.swift in Sources */ = {isa = PBXBuildFile; fileRef = 2763CCD527A899F6002660F5 /* SettingsViewModel.swift */; };
		2763CCD827A89C73002660F5 /* Cover.swift in Sources */ = {isa = PBXBuildFile; fileRef = 2763CCD727A89C73002660F5 /* Cover.swift */; };
		2763CCDA27A8A5C5002660F5 /* LaunchScreen.storyboard in Resources */ = {isa = PBXBuildFile; fileRef = 2763CCD927A8A5C5002660F5 /* LaunchScreen.storyboard */; };
		2763CCE627AA1B6C002660F5 /* BlurView.swift in Sources */ = {isa = PBXBuildFile; fileRef = 2763CCE327AA1B6C002660F5 /* BlurView.swift */; };
		2763CCE727AA1B6C002660F5 /* ActivityIndicator.swift in Sources */ = {isa = PBXBuildFile; fileRef = 2763CCE427AA1B6C002660F5 /* ActivityIndicator.swift */; };
		2763CCE827AA1B6C002660F5 /* AlertToast.swift in Sources */ = {isa = PBXBuildFile; fileRef = 2763CCE527AA1B6C002660F5 /* AlertToast.swift */; };
		2763CCEA27AA1B81002660F5 /* MailComposer.swift in Sources */ = {isa = PBXBuildFile; fileRef = 2763CCE927AA1B81002660F5 /* MailComposer.swift */; };
		2763CCEC27AB638E002660F5 /* TransactionDetailView.swift in Sources */ = {isa = PBXBuildFile; fileRef = 2763CCEB27AB638E002660F5 /* TransactionDetailView.swift */; };
		2763CCF127AB68B9002660F5 /* BetterSafariView in Frameworks */ = {isa = PBXBuildFile; productRef = 2763CCF027AB68B9002660F5 /* BetterSafariView */; };
		277D0543278A272E009E2B29 /* CoinView.swift in Sources */ = {isa = PBXBuildFile; fileRef = 277D0542278A272E009E2B29 /* CoinView.swift */; };
		2793F70D278A7F9500F85363 /* RoundedCorner.swift in Sources */ = {isa = PBXBuildFile; fileRef = 270241C627698E43003084E5 /* RoundedCorner.swift */; };
		2793F70E278A7F9500F85363 /* ViewExtension.swift in Sources */ = {isa = PBXBuildFile; fileRef = 270241C827698E43003084E5 /* ViewExtension.swift */; };
		2793F70F278A7F9500F85363 /* BottomSheet.swift in Sources */ = {isa = PBXBuildFile; fileRef = 270241C727698E43003084E5 /* BottomSheet.swift */; };
		2793F715278B53D600F85363 /* Data.swift in Sources */ = {isa = PBXBuildFile; fileRef = 2793F714278B53D600F85363 /* Data.swift */; };
		2793F718278B551500F85363 /* SocketIO in Frameworks */ = {isa = PBXBuildFile; productRef = 2793F717278B551500F85363 /* SocketIO */; };
		2793F720278B93D800F85363 /* Starscream in Frameworks */ = {isa = PBXBuildFile; productRef = 2793F71F278B93D800F85363 /* Starscream */; };
		2793F727278BABC600F85363 /* ShinyView.swift in Sources */ = {isa = PBXBuildFile; fileRef = 2793F724278BABC600F85363 /* ShinyView.swift */; };
		2793F728278BABC600F85363 /* Gradient.swift in Sources */ = {isa = PBXBuildFile; fileRef = 2793F725278BABC600F85363 /* Gradient.swift */; };
		2793F729278BABC600F85363 /* MotionManager.swift in Sources */ = {isa = PBXBuildFile; fileRef = 2793F726278BABC600F85363 /* MotionManager.swift */; };
		2793F72B278BC0BE00F85363 /* Token.swift in Sources */ = {isa = PBXBuildFile; fileRef = 2793F72A278BC0BE00F85363 /* Token.swift */; };
		2793F72D278BC0EA00F85363 /* Price.swift in Sources */ = {isa = PBXBuildFile; fileRef = 2793F72C278BC0EA00F85363 /* Price.swift */; };
		2793F730278BC22C00F85363 /* Transaction.swift in Sources */ = {isa = PBXBuildFile; fileRef = 2793F72F278BC22C00F85363 /* Transaction.swift */; };
		2793F732278BC29500F85363 /* Fee.swift in Sources */ = {isa = PBXBuildFile; fileRef = 2793F731278BC29500F85363 /* Fee.swift */; };
		27AE1FF7278A48DA00C07ADF /* Separator.swift in Sources */ = {isa = PBXBuildFile; fileRef = 27AE1FF6278A48DA00C07ADF /* Separator.swift */; };
		27AE1FF9278A505000C07ADF /* WalletSelectorView.swift in Sources */ = {isa = PBXBuildFile; fileRef = 27AE1FF8278A505000C07ADF /* WalletSelectorView.swift */; };
		27AE1FFB278A67D100C07ADF /* Theme.swift in Sources */ = {isa = PBXBuildFile; fileRef = 27AE1FFA278A67D100C07ADF /* Theme.swift */; };
		27C05D212771F10900200498 /* WalletConnectionViewModel.swift in Sources */ = {isa = PBXBuildFile; fileRef = 27C05D202771F10900200498 /* WalletConnectionViewModel.swift */; };
		27C05D232771F15300200498 /* WalletConnectButton.swift in Sources */ = {isa = PBXBuildFile; fileRef = 27C05D222771F15300200498 /* WalletConnectButton.swift */; };
		27C05D25277289EE00200498 /* SettingsWalletListView.swift in Sources */ = {isa = PBXBuildFile; fileRef = 27C05D24277289EE00200498 /* SettingsWalletListView.swift */; };
		27CBF43E27BAE89000DAB861 /* Toast in Frameworks */ = {isa = PBXBuildFile; productRef = 27CBF43D27BAE89000DAB861 /* Toast */; };
		27CBF44027BB044000DAB861 /* CollectionView.swift in Sources */ = {isa = PBXBuildFile; fileRef = 27CBF43F27BB044000DAB861 /* CollectionView.swift */; };
		27CBF44927C0C92B00DAB861 /* PartialSheet in Frameworks */ = {isa = PBXBuildFile; productRef = 27CBF44827C0C92B00DAB861 /* PartialSheet */; };
		27CD755627936B5900B2D083 /* Shimmer in Frameworks */ = {isa = PBXBuildFile; productRef = 27CD755527936B5900B2D083 /* Shimmer */; };
		27E02BA127A88E21008B496F /* Lottie in Frameworks */ = {isa = PBXBuildFile; productRef = 27E02BA027A88E21008B496F /* Lottie */; };
		27E02BA327A88E46008B496F /* LottieView.swift in Sources */ = {isa = PBXBuildFile; fileRef = 27E02BA227A88E46008B496F /* LottieView.swift */; };
		27E02BA627A88F50008B496F /* broken.json in Resources */ = {isa = PBXBuildFile; fileRef = 27E02BA527A88F50008B496F /* broken.json */; };
		27E7DE32278DE7070065F507 /* Portfolio.swift in Sources */ = {isa = PBXBuildFile; fileRef = 27E7DE31278DE7070065F507 /* Portfolio.swift */; };
		27E7DE34278DEB230065F507 /* AnyKey.swift in Sources */ = {isa = PBXBuildFile; fileRef = 27E7DE33278DEB230065F507 /* AnyKey.swift */; };
		27E7DE36278DEDFE0065F507 /* TransactionChange.swift in Sources */ = {isa = PBXBuildFile; fileRef = 27E7DE35278DEDFE0065F507 /* TransactionChange.swift */; };
		27E7DE39278E39760065F507 /* CoinDetailView.swift in Sources */ = {isa = PBXBuildFile; fileRef = 27E7DE38278E39760065F507 /* CoinDetailView.swift */; };
		27E7DE3B278E551C0065F507 /* GridHeaderTextStyle.swift in Sources */ = {isa = PBXBuildFile; fileRef = 27E7DE3A278E551C0065F507 /* GridHeaderTextStyle.swift */; };
		27E7DE3D2791208A0065F507 /* CardView.swift in Sources */ = {isa = PBXBuildFile; fileRef = 27E7DE3C2791208A0065F507 /* CardView.swift */; };
		27E9E20A2769AF3E00EBB552 /* Model.xcdatamodeld in Sources */ = {isa = PBXBuildFile; fileRef = 27E9E2082769AF3E00EBB552 /* Model.xcdatamodeld */; };
		27E9E20D2769B06E00EBB552 /* PersistanceController.swift in Sources */ = {isa = PBXBuildFile; fileRef = 27E9E20C2769B06E00EBB552 /* PersistanceController.swift */; };
		27F12CC3275CE07400D87182 /* WoofApp.swift in Sources */ = {isa = PBXBuildFile; fileRef = 27F12CC2275CE07400D87182 /* WoofApp.swift */; };
		27F12CC5275CE07400D87182 /* WoofTabView.swift in Sources */ = {isa = PBXBuildFile; fileRef = 27F12CC4275CE07400D87182 /* WoofTabView.swift */; };
		27F12CC7275CE07400D87182 /* Assets.xcassets in Resources */ = {isa = PBXBuildFile; fileRef = 27F12CC6275CE07400D87182 /* Assets.xcassets */; };
		27F12CCA275CE07400D87182 /* Preview Assets.xcassets in Resources */ = {isa = PBXBuildFile; fileRef = 27F12CC9275CE07400D87182 /* Preview Assets.xcassets */; };
		27F12CD5275CE12200D87182 /* SettingsView.swift in Sources */ = {isa = PBXBuildFile; fileRef = 27F12CD4275CE12200D87182 /* SettingsView.swift */; };
		27F12CD7275CE42700D87182 /* Color+Extension.swift in Sources */ = {isa = PBXBuildFile; fileRef = 27F12CD6275CE42700D87182 /* Color+Extension.swift */; };
		27F12CE7275D7D7900D87182 /* Number+Extension.swift in Sources */ = {isa = PBXBuildFile; fileRef = 27F12CE6275D7D7900D87182 /* Number+Extension.swift */; };
/* End PBXBuildFile section */

/* Begin PBXFileReference section */
		2702418A27670A26003084E5 /* Info.plist */ = {isa = PBXFileReference; lastKnownFileType = text.plist; path = Info.plist; sourceTree = "<group>"; };
		270241B127687040003084E5 /* SystemBottomSheet.swift */ = {isa = PBXFileReference; fileEncoding = 4; lastKnownFileType = sourcecode.swift; path = SystemBottomSheet.swift; sourceTree = "<group>"; };
		270241B227687040003084E5 /* BottomSheetViewController.swift */ = {isa = PBXFileReference; fileEncoding = 4; lastKnownFileType = sourcecode.swift; path = BottomSheetViewController.swift; sourceTree = "<group>"; };
		270241B927698A36003084E5 /* String+Extension.swift */ = {isa = PBXFileReference; lastKnownFileType = sourcecode.swift; path = "String+Extension.swift"; sourceTree = "<group>"; };
		270241C627698E43003084E5 /* RoundedCorner.swift */ = {isa = PBXFileReference; fileEncoding = 4; lastKnownFileType = sourcecode.swift; path = RoundedCorner.swift; sourceTree = "<group>"; };
		270241C727698E43003084E5 /* BottomSheet.swift */ = {isa = PBXFileReference; fileEncoding = 4; lastKnownFileType = sourcecode.swift; path = BottomSheet.swift; sourceTree = "<group>"; };
		270241C827698E43003084E5 /* ViewExtension.swift */ = {isa = PBXFileReference; fileEncoding = 4; lastKnownFileType = sourcecode.swift; path = ViewExtension.swift; sourceTree = "<group>"; };
		273157B92771A04500256151 /* WalletConnect.swift */ = {isa = PBXFileReference; lastKnownFileType = sourcecode.swift; path = WalletConnect.swift; sourceTree = "<group>"; };
		273157BE2771D46A00256151 /* UserDefaults+Extension.swift */ = {isa = PBXFileReference; lastKnownFileType = sourcecode.swift; path = "UserDefaults+Extension.swift"; sourceTree = "<group>"; };
		273157C02771D55B00256151 /* UserDefault.swift */ = {isa = PBXFileReference; lastKnownFileType = sourcecode.swift; path = UserDefault.swift; sourceTree = "<group>"; };
		273E325D27C34D1C009F6B1C /* QRCodeGenerator.swift */ = {isa = PBXFileReference; lastKnownFileType = sourcecode.swift; path = QRCodeGenerator.swift; sourceTree = "<group>"; };
		27410778276C320600E77A00 /* BigXButton.swift */ = {isa = PBXFileReference; lastKnownFileType = sourcecode.swift; path = BigXButton.swift; sourceTree = "<group>"; };
		27410786276EE0A900E77A00 /* Auth+Extension.swift */ = {isa = PBXFileReference; lastKnownFileType = sourcecode.swift; path = "Auth+Extension.swift"; sourceTree = "<group>"; };
		274107882770343B00E77A00 /* WalletConnectionView.swift */ = {isa = PBXFileReference; lastKnownFileType = sourcecode.swift; path = WalletConnectionView.swift; sourceTree = "<group>"; };
		274AEBCC278A289900BE6E55 /* CircleImageView.swift */ = {isa = PBXFileReference; lastKnownFileType = sourcecode.swift; path = CircleImageView.swift; sourceTree = "<group>"; };
		275B82AB279631C0003D9B15 /* OpenSea.swift */ = {isa = PBXFileReference; lastKnownFileType = sourcecode.swift; path = OpenSea.swift; sourceTree = "<group>"; };
		275B82AD27967599003D9B15 /* NFTStats.swift */ = {isa = PBXFileReference; lastKnownFileType = sourcecode.swift; path = NFTStats.swift; sourceTree = "<group>"; };
		275B82AF279675AC003D9B15 /* NFTCollection.swift */ = {isa = PBXFileReference; lastKnownFileType = sourcecode.swift; path = NFTCollection.swift; sourceTree = "<group>"; };
		275B82B1279675C2003D9B15 /* NFT.swift */ = {isa = PBXFileReference; lastKnownFileType = sourcecode.swift; path = NFT.swift; sourceTree = "<group>"; };
		275B82B327968764003D9B15 /* NFTViewModel.swift */ = {isa = PBXFileReference; lastKnownFileType = sourcecode.swift; path = NFTViewModel.swift; sourceTree = "<group>"; };
		275B82B527968BC9003D9B15 /* NFTImage.swift */ = {isa = PBXFileReference; lastKnownFileType = sourcecode.swift; path = NFTImage.swift; sourceTree = "<group>"; };
		275B82B7279A4AC7003D9B15 /* CollectiblesDetailView.swift */ = {isa = PBXFileReference; lastKnownFileType = sourcecode.swift; path = CollectiblesDetailView.swift; sourceTree = "<group>"; };
		275B82B9279A6BB8003D9B15 /* FullModal.swift */ = {isa = PBXFileReference; lastKnownFileType = sourcecode.swift; path = FullModal.swift; sourceTree = "<group>"; };
		275B82D0279BB633003D9B15 /* CompactText.swift */ = {isa = PBXFileReference; lastKnownFileType = sourcecode.swift; path = CompactText.swift; sourceTree = "<group>"; };
		2761D52B2793CFAA00BDF310 /* PureCell.swift */ = {isa = PBXFileReference; lastKnownFileType = sourcecode.swift; path = PureCell.swift; sourceTree = "<group>"; };
		2761D52D2793CFC700BDF310 /* HomeHeader.swift */ = {isa = PBXFileReference; lastKnownFileType = sourcecode.swift; path = HomeHeader.swift; sourceTree = "<group>"; };
		2761D5302793D04700BDF310 /* NavigationBarAppearance.swift */ = {isa = PBXFileReference; lastKnownFileType = sourcecode.swift; path = NavigationBarAppearance.swift; sourceTree = "<group>"; };
		2761D5322794DC4C00BDF310 /* CollectiblesView.swift */ = {isa = PBXFileReference; lastKnownFileType = sourcecode.swift; path = CollectiblesView.swift; sourceTree = "<group>"; };
		2763CCD527A899F6002660F5 /* SettingsViewModel.swift */ = {isa = PBXFileReference; lastKnownFileType = sourcecode.swift; path = SettingsViewModel.swift; sourceTree = "<group>"; };
		2763CCD727A89C73002660F5 /* Cover.swift */ = {isa = PBXFileReference; lastKnownFileType = sourcecode.swift; path = Cover.swift; sourceTree = "<group>"; };
		2763CCD927A8A5C5002660F5 /* LaunchScreen.storyboard */ = {isa = PBXFileReference; lastKnownFileType = file.storyboard; path = LaunchScreen.storyboard; sourceTree = "<group>"; };
		2763CCE327AA1B6C002660F5 /* BlurView.swift */ = {isa = PBXFileReference; fileEncoding = 4; lastKnownFileType = sourcecode.swift; name = BlurView.swift; path = "../../../../.Trash/AlertToast-master 2/Sources/AlertToast/BlurView.swift"; sourceTree = "<group>"; };
		2763CCE427AA1B6C002660F5 /* ActivityIndicator.swift */ = {isa = PBXFileReference; fileEncoding = 4; lastKnownFileType = sourcecode.swift; name = ActivityIndicator.swift; path = "../../../../.Trash/AlertToast-master 2/Sources/AlertToast/ActivityIndicator.swift"; sourceTree = "<group>"; };
		2763CCE527AA1B6C002660F5 /* AlertToast.swift */ = {isa = PBXFileReference; fileEncoding = 4; lastKnownFileType = sourcecode.swift; name = AlertToast.swift; path = "../../../../.Trash/AlertToast-master 2/Sources/AlertToast/AlertToast.swift"; sourceTree = "<group>"; };
		2763CCE927AA1B81002660F5 /* MailComposer.swift */ = {isa = PBXFileReference; fileEncoding = 4; lastKnownFileType = sourcecode.swift; path = MailComposer.swift; sourceTree = "<group>"; };
		2763CCEB27AB638E002660F5 /* TransactionDetailView.swift */ = {isa = PBXFileReference; lastKnownFileType = sourcecode.swift; path = TransactionDetailView.swift; sourceTree = "<group>"; };
		277D0542278A272E009E2B29 /* CoinView.swift */ = {isa = PBXFileReference; lastKnownFileType = sourcecode.swift; path = CoinView.swift; sourceTree = "<group>"; };
		2793F714278B53D600F85363 /* Data.swift */ = {isa = PBXFileReference; lastKnownFileType = sourcecode.swift; path = Data.swift; sourceTree = "<group>"; };
		2793F724278BABC600F85363 /* ShinyView.swift */ = {isa = PBXFileReference; fileEncoding = 4; lastKnownFileType = sourcecode.swift; path = ShinyView.swift; sourceTree = "<group>"; };
		2793F725278BABC600F85363 /* Gradient.swift */ = {isa = PBXFileReference; fileEncoding = 4; lastKnownFileType = sourcecode.swift; path = Gradient.swift; sourceTree = "<group>"; };
		2793F726278BABC600F85363 /* MotionManager.swift */ = {isa = PBXFileReference; fileEncoding = 4; lastKnownFileType = sourcecode.swift; path = MotionManager.swift; sourceTree = "<group>"; };
		2793F72A278BC0BE00F85363 /* Token.swift */ = {isa = PBXFileReference; lastKnownFileType = sourcecode.swift; path = Token.swift; sourceTree = "<group>"; };
		2793F72C278BC0EA00F85363 /* Price.swift */ = {isa = PBXFileReference; lastKnownFileType = sourcecode.swift; path = Price.swift; sourceTree = "<group>"; };
		2793F72F278BC22C00F85363 /* Transaction.swift */ = {isa = PBXFileReference; lastKnownFileType = sourcecode.swift; path = Transaction.swift; sourceTree = "<group>"; };
		2793F731278BC29500F85363 /* Fee.swift */ = {isa = PBXFileReference; lastKnownFileType = sourcecode.swift; path = Fee.swift; sourceTree = "<group>"; };
		27AE1FF6278A48DA00C07ADF /* Separator.swift */ = {isa = PBXFileReference; lastKnownFileType = sourcecode.swift; path = Separator.swift; sourceTree = "<group>"; };
		27AE1FF8278A505000C07ADF /* WalletSelectorView.swift */ = {isa = PBXFileReference; lastKnownFileType = sourcecode.swift; path = WalletSelectorView.swift; sourceTree = "<group>"; };
		27AE1FFA278A67D100C07ADF /* Theme.swift */ = {isa = PBXFileReference; lastKnownFileType = sourcecode.swift; path = Theme.swift; sourceTree = "<group>"; };
		27C05D202771F10900200498 /* WalletConnectionViewModel.swift */ = {isa = PBXFileReference; lastKnownFileType = sourcecode.swift; path = WalletConnectionViewModel.swift; sourceTree = "<group>"; };
		27C05D222771F15300200498 /* WalletConnectButton.swift */ = {isa = PBXFileReference; lastKnownFileType = sourcecode.swift; path = WalletConnectButton.swift; sourceTree = "<group>"; };
		27C05D24277289EE00200498 /* SettingsWalletListView.swift */ = {isa = PBXFileReference; lastKnownFileType = sourcecode.swift; path = SettingsWalletListView.swift; sourceTree = "<group>"; };
		27CBF43F27BB044000DAB861 /* CollectionView.swift */ = {isa = PBXFileReference; lastKnownFileType = sourcecode.swift; path = CollectionView.swift; sourceTree = "<group>"; };
		27E02BA227A88E46008B496F /* LottieView.swift */ = {isa = PBXFileReference; lastKnownFileType = sourcecode.swift; path = LottieView.swift; sourceTree = "<group>"; };
		27E02BA527A88F50008B496F /* broken.json */ = {isa = PBXFileReference; fileEncoding = 4; lastKnownFileType = text.json; path = broken.json; sourceTree = "<group>"; };
		27E7DE31278DE7070065F507 /* Portfolio.swift */ = {isa = PBXFileReference; lastKnownFileType = sourcecode.swift; path = Portfolio.swift; sourceTree = "<group>"; };
		27E7DE33278DEB230065F507 /* AnyKey.swift */ = {isa = PBXFileReference; lastKnownFileType = sourcecode.swift; path = AnyKey.swift; sourceTree = "<group>"; };
		27E7DE35278DEDFE0065F507 /* TransactionChange.swift */ = {isa = PBXFileReference; lastKnownFileType = sourcecode.swift; path = TransactionChange.swift; sourceTree = "<group>"; };
		27E7DE38278E39760065F507 /* CoinDetailView.swift */ = {isa = PBXFileReference; lastKnownFileType = sourcecode.swift; path = CoinDetailView.swift; sourceTree = "<group>"; };
		27E7DE3A278E551C0065F507 /* GridHeaderTextStyle.swift */ = {isa = PBXFileReference; lastKnownFileType = sourcecode.swift; path = GridHeaderTextStyle.swift; sourceTree = "<group>"; };
		27E7DE3C2791208A0065F507 /* CardView.swift */ = {isa = PBXFileReference; lastKnownFileType = sourcecode.swift; path = CardView.swift; sourceTree = "<group>"; };
		27E9E2092769AF3E00EBB552 /* Model.xcdatamodel */ = {isa = PBXFileReference; lastKnownFileType = wrapper.xcdatamodel; path = Model.xcdatamodel; sourceTree = "<group>"; };
		27E9E20C2769B06E00EBB552 /* PersistanceController.swift */ = {isa = PBXFileReference; lastKnownFileType = sourcecode.swift; path = PersistanceController.swift; sourceTree = "<group>"; };
		27F12CBF275CE07400D87182 /* Moon.app */ = {isa = PBXFileReference; explicitFileType = wrapper.application; includeInIndex = 0; path = Moon.app; sourceTree = BUILT_PRODUCTS_DIR; };
		27F12CC2275CE07400D87182 /* WoofApp.swift */ = {isa = PBXFileReference; lastKnownFileType = sourcecode.swift; path = WoofApp.swift; sourceTree = "<group>"; };
		27F12CC4275CE07400D87182 /* WoofTabView.swift */ = {isa = PBXFileReference; lastKnownFileType = sourcecode.swift; path = WoofTabView.swift; sourceTree = "<group>"; };
		27F12CC6275CE07400D87182 /* Assets.xcassets */ = {isa = PBXFileReference; lastKnownFileType = folder.assetcatalog; path = Assets.xcassets; sourceTree = "<group>"; };
		27F12CC9275CE07400D87182 /* Preview Assets.xcassets */ = {isa = PBXFileReference; lastKnownFileType = folder.assetcatalog; path = "Preview Assets.xcassets"; sourceTree = "<group>"; };
		27F12CD4275CE12200D87182 /* SettingsView.swift */ = {isa = PBXFileReference; lastKnownFileType = sourcecode.swift; path = SettingsView.swift; sourceTree = "<group>"; };
		27F12CD6275CE42700D87182 /* Color+Extension.swift */ = {isa = PBXFileReference; lastKnownFileType = sourcecode.swift; path = "Color+Extension.swift"; sourceTree = "<group>"; };
		27F12CE6275D7D7900D87182 /* Number+Extension.swift */ = {isa = PBXFileReference; lastKnownFileType = sourcecode.swift; path = "Number+Extension.swift"; sourceTree = "<group>"; };
/* End PBXFileReference section */

/* Begin PBXFrameworksBuildPhase section */
		27F12CBC275CE07400D87182 /* Frameworks */ = {
			isa = PBXFrameworksBuildPhase;
			buildActionMask = 2147483647;
			files = (
				2793F720278B93D800F85363 /* Starscream in Frameworks */,
				2763CCF127AB68B9002660F5 /* BetterSafariView in Frameworks */,
				27410768276B0B8900E77A00 /* Introspect in Frameworks */,
				27CD755627936B5900B2D083 /* Shimmer in Frameworks */,
				27CBF44927C0C92B00DAB861 /* PartialSheet in Frameworks */,
				273157BD2771A06B00256151 /* WalletConnectSwift in Frameworks */,
				2741077C276C972000E77A00 /* OrderedCollections in Frameworks */,
				2793F718278B551500F85363 /* SocketIO in Frameworks */,
				27CBF43E27BAE89000DAB861 /* Toast in Frameworks */,
				27E02BA127A88E21008B496F /* Lottie in Frameworks */,
			);
			runOnlyForDeploymentPostprocessing = 0;
		};
/* End PBXFrameworksBuildPhase section */

/* Begin PBXGroup section */
		270241B527687043003084E5 /* Native Sheet */ = {
			isa = PBXGroup;
			children = (
				270241B127687040003084E5 /* SystemBottomSheet.swift */,
				270241B227687040003084E5 /* BottomSheetViewController.swift */,
			);
			path = "Native Sheet";
			sourceTree = "<group>";
		};
		2730E00B275DBC070082BE45 /* UI Components */ = {
			isa = PBXGroup;
			children = (
				27AE1FF6278A48DA00C07ADF /* Separator.swift */,
				2761D52B2793CFAA00BDF310 /* PureCell.swift */,
				27E7DE3A278E551C0065F507 /* GridHeaderTextStyle.swift */,
				274AEBCC278A289900BE6E55 /* CircleImageView.swift */,
				27410778276C320600E77A00 /* BigXButton.swift */,
				275B82D0279BB633003D9B15 /* CompactText.swift */,
				2763CCE927AA1B81002660F5 /* MailComposer.swift */,
			);
			path = "UI Components";
			sourceTree = "<group>";
		};
		273157B827718E9700256151 /* Wallet */ = {
			isa = PBXGroup;
			children = (
				273157B92771A04500256151 /* WalletConnect.swift */,
				27C05D202771F10900200498 /* WalletConnectionViewModel.swift */,
				274107882770343B00E77A00 /* WalletConnectionView.swift */,
				27AE1FF8278A505000C07ADF /* WalletSelectorView.swift */,
				27C05D222771F15300200498 /* WalletConnectButton.swift */,
				2793F714278B53D600F85363 /* Data.swift */,
				273E325D27C34D1C009F6B1C /* QRCodeGenerator.swift */,
			);
			path = Wallet;
			sourceTree = "<group>";
		};
		27410785276EDB6F00E77A00 /* Settings */ = {
			isa = PBXGroup;
			children = (
				27F12CD4275CE12200D87182 /* SettingsView.swift */,
				2763CCD527A899F6002660F5 /* SettingsViewModel.swift */,
				27C05D24277289EE00200498 /* SettingsWalletListView.swift */,
			);
			path = Settings;
			sourceTree = "<group>";
		};
		2761D52F2793CFD000BDF310 /* Coin */ = {
			isa = PBXGroup;
			children = (
				277D0542278A272E009E2B29 /* CoinView.swift */,
				27E7DE38278E39760065F507 /* CoinDetailView.swift */,
				2763CCEB27AB638E002660F5 /* TransactionDetailView.swift */,
				2761D52D2793CFC700BDF310 /* HomeHeader.swift */,
				27E7DE3C2791208A0065F507 /* CardView.swift */,
			);
			path = Coin;
			sourceTree = "<group>";
		};
		2761D5342794E3E000BDF310 /* Collectibles */ = {
			isa = PBXGroup;
			children = (
				275B82AB279631C0003D9B15 /* OpenSea.swift */,
				275B82B327968764003D9B15 /* NFTViewModel.swift */,
				275B82B7279A4AC7003D9B15 /* CollectiblesDetailView.swift */,
				2761D5322794DC4C00BDF310 /* CollectiblesView.swift */,
				27CBF43F27BB044000DAB861 /* CollectionView.swift */,
				275B82B527968BC9003D9B15 /* NFTImage.swift */,
				275B82AD27967599003D9B15 /* NFTStats.swift */,
				275B82AF279675AC003D9B15 /* NFTCollection.swift */,
				275B82B1279675C2003D9B15 /* NFT.swift */,
			);
			path = Collectibles;
			sourceTree = "<group>";
		};
		2793F723278BABC600F85363 /* Shiny */ = {
			isa = PBXGroup;
			children = (
				2793F724278BABC600F85363 /* ShinyView.swift */,
				2793F725278BABC600F85363 /* Gradient.swift */,
				2793F726278BABC600F85363 /* MotionManager.swift */,
			);
			path = Shiny;
			sourceTree = "<group>";
		};
		2793F72E278BC1FC00F85363 /* Models */ = {
			isa = PBXGroup;
			children = (
				2793F72A278BC0BE00F85363 /* Token.swift */,
				2793F72C278BC0EA00F85363 /* Price.swift */,
				2793F731278BC29500F85363 /* Fee.swift */,
				27E7DE31278DE7070065F507 /* Portfolio.swift */,
				2793F72F278BC22C00F85363 /* Transaction.swift */,
				27E7DE35278DEDFE0065F507 /* TransactionChange.swift */,
				27E7DE33278DEB230065F507 /* AnyKey.swift */,
			);
			path = Models;
			sourceTree = "<group>";
		};
		27CD755F2793CA0600B2D083 /* Toast */ = {
			isa = PBXGroup;
			children = (
				2763CCE427AA1B6C002660F5 /* ActivityIndicator.swift */,
				2763CCE527AA1B6C002660F5 /* AlertToast.swift */,
				2763CCE327AA1B6C002660F5 /* BlurView.swift */,
			);
			path = Toast;
			sourceTree = "<group>";
		};
		27E02BA427A88E58008B496F /* Lottie */ = {
			isa = PBXGroup;
			children = (
				27E02BA527A88F50008B496F /* broken.json */,
				27E02BA227A88E46008B496F /* LottieView.swift */,
			);
			path = Lottie;
			sourceTree = "<group>";
		};
		27E9E2062769AF0C00EBB552 /* Editor Sheet */ = {
			isa = PBXGroup;
			children = (
				270241C727698E43003084E5 /* BottomSheet.swift */,
				275B82B9279A6BB8003D9B15 /* FullModal.swift */,
				270241C627698E43003084E5 /* RoundedCorner.swift */,
				270241C827698E43003084E5 /* ViewExtension.swift */,
			);
			path = "Editor Sheet";
			sourceTree = "<group>";
		};
		27E9E2072769AF1200EBB552 /* Sheets */ = {
			isa = PBXGroup;
			children = (
				270241B527687043003084E5 /* Native Sheet */,
				27E9E2062769AF0C00EBB552 /* Editor Sheet */,
			);
			path = Sheets;
			sourceTree = "<group>";
		};
		27E9E20B2769B05E00EBB552 /* Core Data */ = {
			isa = PBXGroup;
			children = (
				27E9E2082769AF3E00EBB552 /* Model.xcdatamodeld */,
				27E9E20C2769B06E00EBB552 /* PersistanceController.swift */,
			);
			path = "Core Data";
			sourceTree = "<group>";
		};
		27F12CB6275CE07400D87182 = {
			isa = PBXGroup;
			children = (
				27F12CC1275CE07400D87182 /* Woof */,
				27F12CC0275CE07400D87182 /* Products */,
			);
			sourceTree = "<group>";
		};
		27F12CC0275CE07400D87182 /* Products */ = {
			isa = PBXGroup;
			children = (
				27F12CBF275CE07400D87182 /* Moon.app */,
			);
			name = Products;
			sourceTree = "<group>";
		};
		27F12CC1275CE07400D87182 /* Woof */ = {
			isa = PBXGroup;
			children = (
				2702418A27670A26003084E5 /* Info.plist */,
				2763CCD927A8A5C5002660F5 /* LaunchScreen.storyboard */,
				2763CCD727A89C73002660F5 /* Cover.swift */,
				27F12CC2275CE07400D87182 /* WoofApp.swift */,
				27F12CC4275CE07400D87182 /* WoofTabView.swift */,
				27AE1FFA278A67D100C07ADF /* Theme.swift */,
				2761D5302793D04700BDF310 /* NavigationBarAppearance.swift */,
				2761D52F2793CFD000BDF310 /* Coin */,
				2761D5342794E3E000BDF310 /* Collectibles */,
				2793F72E278BC1FC00F85363 /* Models */,
				273157B827718E9700256151 /* Wallet */,
				2730E00B275DBC070082BE45 /* UI Components */,
				27F12CC8275CE07400D87182 /* Preview Content */,
				27E02BA427A88E58008B496F /* Lottie */,
				27E9E2072769AF1200EBB552 /* Sheets */,
				27F12CE8275D91D100D87182 /* Extension */,
				27E9E20B2769B05E00EBB552 /* Core Data */,
				2793F723278BABC600F85363 /* Shiny */,
				27CD755F2793CA0600B2D083 /* Toast */,
				27410785276EDB6F00E77A00 /* Settings */,
				27F12CC6275CE07400D87182 /* Assets.xcassets */,
			);
			path = Woof;
			sourceTree = "<group>";
		};
		27F12CC8275CE07400D87182 /* Preview Content */ = {
			isa = PBXGroup;
			children = (
				27F12CC9275CE07400D87182 /* Preview Assets.xcassets */,
			);
			path = "Preview Content";
			sourceTree = "<group>";
		};
		27F12CE8275D91D100D87182 /* Extension */ = {
			isa = PBXGroup;
			children = (
				27F12CE6275D7D7900D87182 /* Number+Extension.swift */,
				27F12CD6275CE42700D87182 /* Color+Extension.swift */,
				270241B927698A36003084E5 /* String+Extension.swift */,
				273157C02771D55B00256151 /* UserDefault.swift */,
				273157BE2771D46A00256151 /* UserDefaults+Extension.swift */,
				27410786276EE0A900E77A00 /* Auth+Extension.swift */,
			);
			path = Extension;
			sourceTree = "<group>";
		};
/* End PBXGroup section */

/* Begin PBXNativeTarget section */
		27F12CBE275CE07400D87182 /* Woof */ = {
			isa = PBXNativeTarget;
			buildConfigurationList = 27F12CCD275CE07400D87182 /* Build configuration list for PBXNativeTarget "Woof" */;
			buildPhases = (
				27F12CBB275CE07400D87182 /* Sources */,
				27F12CBC275CE07400D87182 /* Frameworks */,
				27F12CBD275CE07400D87182 /* Resources */,
			);
			buildRules = (
			);
			dependencies = (
			);
			name = Woof;
			packageProductDependencies = (
				27410767276B0B8900E77A00 /* Introspect */,
				2741077B276C972000E77A00 /* OrderedCollections */,
				273157BC2771A06B00256151 /* WalletConnectSwift */,
				2793F717278B551500F85363 /* SocketIO */,
				2793F71F278B93D800F85363 /* Starscream */,
				27CD755527936B5900B2D083 /* Shimmer */,
				27E02BA027A88E21008B496F /* Lottie */,
				2763CCF027AB68B9002660F5 /* BetterSafariView */,
				27CBF43D27BAE89000DAB861 /* Toast */,
				27CBF44827C0C92B00DAB861 /* PartialSheet */,
			);
			productName = Woof;
			productReference = 27F12CBF275CE07400D87182 /* Moon.app */;
			productType = "com.apple.product-type.application";
		};
/* End PBXNativeTarget section */

/* Begin PBXProject section */
		27F12CB7275CE07400D87182 /* Project object */ = {
			isa = PBXProject;
			attributes = {
				BuildIndependentTargetsInParallel = 1;
				LastSwiftUpdateCheck = 1310;
				LastUpgradeCheck = 1310;
				TargetAttributes = {
					27F12CBE275CE07400D87182 = {
						CreatedOnToolsVersion = 13.1;
					};
				};
			};
			buildConfigurationList = 27F12CBA275CE07400D87182 /* Build configuration list for PBXProject "Woof" */;
			compatibilityVersion = "Xcode 13.0";
			developmentRegion = en;
			hasScannedForEncodings = 0;
			knownRegions = (
				en,
				Base,
			);
			mainGroup = 27F12CB6275CE07400D87182;
			packageReferences = (
				27410766276B0B8900E77A00 /* XCRemoteSwiftPackageReference "SwiftUI-Introspect" */,
				2741077A276C972000E77A00 /* XCRemoteSwiftPackageReference "swift-collections" */,
				273157BB2771A06B00256151 /* XCRemoteSwiftPackageReference "WalletConnectSwift" */,
				2793F716278B551500F85363 /* XCRemoteSwiftPackageReference "socket" */,
				2793F71E278B93D800F85363 /* XCRemoteSwiftPackageReference "Starscream" */,
				27CD755427936B5900B2D083 /* XCRemoteSwiftPackageReference "SwiftUI-Shimmer" */,
				27E02B9F27A88E21008B496F /* XCRemoteSwiftPackageReference "lottie-ios" */,
				2763CCEF27AB68B9002660F5 /* XCRemoteSwiftPackageReference "BetterSafariView" */,
				27CBF43C27BAE89000DAB861 /* XCRemoteSwiftPackageReference "Toast-Swift" */,
				27CBF44727C0C92B00DAB861 /* XCRemoteSwiftPackageReference "PartialSheet" */,
			);
			productRefGroup = 27F12CC0275CE07400D87182 /* Products */;
			projectDirPath = "";
			projectRoot = "";
			targets = (
				27F12CBE275CE07400D87182 /* Woof */,
			);
		};
/* End PBXProject section */

/* Begin PBXResourcesBuildPhase section */
		27F12CBD275CE07400D87182 /* Resources */ = {
			isa = PBXResourcesBuildPhase;
			buildActionMask = 2147483647;
			files = (
				27E02BA627A88F50008B496F /* broken.json in Resources */,
				2763CCDA27A8A5C5002660F5 /* LaunchScreen.storyboard in Resources */,
				27F12CCA275CE07400D87182 /* Preview Assets.xcassets in Resources */,
				27F12CC7275CE07400D87182 /* Assets.xcassets in Resources */,
			);
			runOnlyForDeploymentPostprocessing = 0;
		};
/* End PBXResourcesBuildPhase section */

/* Begin PBXSourcesBuildPhase section */
		27F12CBB275CE07400D87182 /* Sources */ = {
			isa = PBXSourcesBuildPhase;
			buildActionMask = 2147483647;
			files = (
				2793F730278BC22C00F85363 /* Transaction.swift in Sources */,
				2793F729278BABC600F85363 /* MotionManager.swift in Sources */,
				2761D5332794DC4C00BDF310 /* CollectiblesView.swift in Sources */,
				2793F70F278A7F9500F85363 /* BottomSheet.swift in Sources */,
				27410787276EE0A900E77A00 /* Auth+Extension.swift in Sources */,
				27CBF44027BB044000DAB861 /* CollectionView.swift in Sources */,
				2793F72D278BC0EA00F85363 /* Price.swift in Sources */,
				2763CCE827AA1B6C002660F5 /* AlertToast.swift in Sources */,
				27F12CD5275CE12200D87182 /* SettingsView.swift in Sources */,
				27410779276C320600E77A00 /* BigXButton.swift in Sources */,
				2763CCE727AA1B6C002660F5 /* ActivityIndicator.swift in Sources */,
				2761D52E2793CFC700BDF310 /* HomeHeader.swift in Sources */,
				275B82B2279675C2003D9B15 /* NFT.swift in Sources */,
				27C05D232771F15300200498 /* WalletConnectButton.swift in Sources */,
				27E02BA327A88E46008B496F /* LottieView.swift in Sources */,
				2763CCD827A89C73002660F5 /* Cover.swift in Sources */,
				27F12CC5275CE07400D87182 /* WoofTabView.swift in Sources */,
				275B82B427968764003D9B15 /* NFTViewModel.swift in Sources */,
				27AE1FF7278A48DA00C07ADF /* Separator.swift in Sources */,
				277D0543278A272E009E2B29 /* CoinView.swift in Sources */,
				2793F728278BABC600F85363 /* Gradient.swift in Sources */,
				270241BA27698A36003084E5 /* String+Extension.swift in Sources */,
				27F12CC3275CE07400D87182 /* WoofApp.swift in Sources */,
				2761D5312793D04700BDF310 /* NavigationBarAppearance.swift in Sources */,
				27E9E20D2769B06E00EBB552 /* PersistanceController.swift in Sources */,
				2793F732278BC29500F85363 /* Fee.swift in Sources */,
				2793F70D278A7F9500F85363 /* RoundedCorner.swift in Sources */,
				273157BA2771A04500256151 /* WalletConnect.swift in Sources */,
				274107892770343B00E77A00 /* WalletConnectionView.swift in Sources */,
				27E7DE34278DEB230065F507 /* AnyKey.swift in Sources */,
				27C05D25277289EE00200498 /* SettingsWalletListView.swift in Sources */,
				275B82B0279675AC003D9B15 /* NFTCollection.swift in Sources */,
				27F12CE7275D7D7900D87182 /* Number+Extension.swift in Sources */,
				2761D52C2793CFAA00BDF310 /* PureCell.swift in Sources */,
				273157C12771D55B00256151 /* UserDefault.swift in Sources */,
				27AE1FF9278A505000C07ADF /* WalletSelectorView.swift in Sources */,
				275B82B627968BC9003D9B15 /* NFTImage.swift in Sources */,
				275B82AE27967599003D9B15 /* NFTStats.swift in Sources */,
				275B82BA279A6BB8003D9B15 /* FullModal.swift in Sources */,
				27E7DE3B278E551C0065F507 /* GridHeaderTextStyle.swift in Sources */,
				27C05D212771F10900200498 /* WalletConnectionViewModel.swift in Sources */,
				275B82AC279631C0003D9B15 /* OpenSea.swift in Sources */,
				27F12CD7275CE42700D87182 /* Color+Extension.swift in Sources */,
				27E7DE36278DEDFE0065F507 /* TransactionChange.swift in Sources */,
				27E7DE32278DE7070065F507 /* Portfolio.swift in Sources */,
				27557D90276B068A0044A864 /* SystemBottomSheet.swift in Sources */,
				27557D91276B068A0044A864 /* BottomSheetViewController.swift in Sources */,
				27E9E20A2769AF3E00EBB552 /* Model.xcdatamodeld in Sources */,
				2793F70E278A7F9500F85363 /* ViewExtension.swift in Sources */,
				275B82D1279BB633003D9B15 /* CompactText.swift in Sources */,
				2763CCE627AA1B6C002660F5 /* BlurView.swift in Sources */,
				2793F715278B53D600F85363 /* Data.swift in Sources */,
				274AEBCD278A289900BE6E55 /* CircleImageView.swift in Sources */,
				273E325E27C34D1C009F6B1C /* QRCodeGenerator.swift in Sources */,
				2763CCD627A899F6002660F5 /* SettingsViewModel.swift in Sources */,
				2793F72B278BC0BE00F85363 /* Token.swift in Sources */,
				27E7DE3D2791208A0065F507 /* CardView.swift in Sources */,
				275B82B8279A4AC7003D9B15 /* CollectiblesDetailView.swift in Sources */,
				27E7DE39278E39760065F507 /* CoinDetailView.swift in Sources */,
				2763CCEC27AB638E002660F5 /* TransactionDetailView.swift in Sources */,
				2763CCEA27AA1B81002660F5 /* MailComposer.swift in Sources */,
				27AE1FFB278A67D100C07ADF /* Theme.swift in Sources */,
				2793F727278BABC600F85363 /* ShinyView.swift in Sources */,
				273157BF2771D46A00256151 /* UserDefaults+Extension.swift in Sources */,
			);
			runOnlyForDeploymentPostprocessing = 0;
		};
/* End PBXSourcesBuildPhase section */

/* Begin XCBuildConfiguration section */
		27F12CCB275CE07400D87182 /* Debug */ = {
			isa = XCBuildConfiguration;
			buildSettings = {
				ALWAYS_SEARCH_USER_PATHS = NO;
				CLANG_ANALYZER_NONNULL = YES;
				CLANG_ANALYZER_NUMBER_OBJECT_CONVERSION = YES_AGGRESSIVE;
				CLANG_CXX_LANGUAGE_STANDARD = "gnu++17";
				CLANG_CXX_LIBRARY = "libc++";
				CLANG_ENABLE_MODULES = YES;
				CLANG_ENABLE_OBJC_ARC = YES;
				CLANG_ENABLE_OBJC_WEAK = YES;
				CLANG_WARN_BLOCK_CAPTURE_AUTORELEASING = YES;
				CLANG_WARN_BOOL_CONVERSION = YES;
				CLANG_WARN_COMMA = YES;
				CLANG_WARN_CONSTANT_CONVERSION = YES;
				CLANG_WARN_DEPRECATED_OBJC_IMPLEMENTATIONS = YES;
				CLANG_WARN_DIRECT_OBJC_ISA_USAGE = YES_ERROR;
				CLANG_WARN_DOCUMENTATION_COMMENTS = YES;
				CLANG_WARN_EMPTY_BODY = YES;
				CLANG_WARN_ENUM_CONVERSION = YES;
				CLANG_WARN_INFINITE_RECURSION = YES;
				CLANG_WARN_INT_CONVERSION = YES;
				CLANG_WARN_NON_LITERAL_NULL_CONVERSION = YES;
				CLANG_WARN_OBJC_IMPLICIT_RETAIN_SELF = YES;
				CLANG_WARN_OBJC_LITERAL_CONVERSION = YES;
				CLANG_WARN_OBJC_ROOT_CLASS = YES_ERROR;
				CLANG_WARN_QUOTED_INCLUDE_IN_FRAMEWORK_HEADER = YES;
				CLANG_WARN_RANGE_LOOP_ANALYSIS = YES;
				CLANG_WARN_STRICT_PROTOTYPES = YES;
				CLANG_WARN_SUSPICIOUS_MOVE = YES;
				CLANG_WARN_UNGUARDED_AVAILABILITY = YES_AGGRESSIVE;
				CLANG_WARN_UNREACHABLE_CODE = YES;
				CLANG_WARN__DUPLICATE_METHOD_MATCH = YES;
				COPY_PHASE_STRIP = NO;
				DEBUG_INFORMATION_FORMAT = dwarf;
				ENABLE_STRICT_OBJC_MSGSEND = YES;
				ENABLE_TESTABILITY = YES;
				GCC_C_LANGUAGE_STANDARD = gnu11;
				GCC_DYNAMIC_NO_PIC = NO;
				GCC_NO_COMMON_BLOCKS = YES;
				GCC_OPTIMIZATION_LEVEL = 0;
				GCC_PREPROCESSOR_DEFINITIONS = (
					"DEBUG=1",
					"$(inherited)",
				);
				GCC_WARN_64_TO_32_BIT_CONVERSION = YES;
				GCC_WARN_ABOUT_RETURN_TYPE = YES_ERROR;
				GCC_WARN_UNDECLARED_SELECTOR = YES;
				GCC_WARN_UNINITIALIZED_AUTOS = YES_AGGRESSIVE;
				GCC_WARN_UNUSED_FUNCTION = YES;
				GCC_WARN_UNUSED_VARIABLE = YES;
				IPHONEOS_DEPLOYMENT_TARGET = 15.0;
				MTL_ENABLE_DEBUG_INFO = INCLUDE_SOURCE;
				MTL_FAST_MATH = YES;
				ONLY_ACTIVE_ARCH = YES;
				SDKROOT = iphoneos;
				SWIFT_ACTIVE_COMPILATION_CONDITIONS = DEBUG;
				SWIFT_OPTIMIZATION_LEVEL = "-Onone";
			};
			name = Debug;
		};
		27F12CCC275CE07400D87182 /* Release */ = {
			isa = XCBuildConfiguration;
			buildSettings = {
				ALWAYS_SEARCH_USER_PATHS = NO;
				CLANG_ANALYZER_NONNULL = YES;
				CLANG_ANALYZER_NUMBER_OBJECT_CONVERSION = YES_AGGRESSIVE;
				CLANG_CXX_LANGUAGE_STANDARD = "gnu++17";
				CLANG_CXX_LIBRARY = "libc++";
				CLANG_ENABLE_MODULES = YES;
				CLANG_ENABLE_OBJC_ARC = YES;
				CLANG_ENABLE_OBJC_WEAK = YES;
				CLANG_WARN_BLOCK_CAPTURE_AUTORELEASING = YES;
				CLANG_WARN_BOOL_CONVERSION = YES;
				CLANG_WARN_COMMA = YES;
				CLANG_WARN_CONSTANT_CONVERSION = YES;
				CLANG_WARN_DEPRECATED_OBJC_IMPLEMENTATIONS = YES;
				CLANG_WARN_DIRECT_OBJC_ISA_USAGE = YES_ERROR;
				CLANG_WARN_DOCUMENTATION_COMMENTS = YES;
				CLANG_WARN_EMPTY_BODY = YES;
				CLANG_WARN_ENUM_CONVERSION = YES;
				CLANG_WARN_INFINITE_RECURSION = YES;
				CLANG_WARN_INT_CONVERSION = YES;
				CLANG_WARN_NON_LITERAL_NULL_CONVERSION = YES;
				CLANG_WARN_OBJC_IMPLICIT_RETAIN_SELF = YES;
				CLANG_WARN_OBJC_LITERAL_CONVERSION = YES;
				CLANG_WARN_OBJC_ROOT_CLASS = YES_ERROR;
				CLANG_WARN_QUOTED_INCLUDE_IN_FRAMEWORK_HEADER = YES;
				CLANG_WARN_RANGE_LOOP_ANALYSIS = YES;
				CLANG_WARN_STRICT_PROTOTYPES = YES;
				CLANG_WARN_SUSPICIOUS_MOVE = YES;
				CLANG_WARN_UNGUARDED_AVAILABILITY = YES_AGGRESSIVE;
				CLANG_WARN_UNREACHABLE_CODE = YES;
				CLANG_WARN__DUPLICATE_METHOD_MATCH = YES;
				COPY_PHASE_STRIP = NO;
				DEBUG_INFORMATION_FORMAT = "dwarf-with-dsym";
				ENABLE_NS_ASSERTIONS = NO;
				ENABLE_STRICT_OBJC_MSGSEND = YES;
				GCC_C_LANGUAGE_STANDARD = gnu11;
				GCC_NO_COMMON_BLOCKS = YES;
				GCC_WARN_64_TO_32_BIT_CONVERSION = YES;
				GCC_WARN_ABOUT_RETURN_TYPE = YES_ERROR;
				GCC_WARN_UNDECLARED_SELECTOR = YES;
				GCC_WARN_UNINITIALIZED_AUTOS = YES_AGGRESSIVE;
				GCC_WARN_UNUSED_FUNCTION = YES;
				GCC_WARN_UNUSED_VARIABLE = YES;
				IPHONEOS_DEPLOYMENT_TARGET = 15.0;
				MTL_ENABLE_DEBUG_INFO = NO;
				MTL_FAST_MATH = YES;
				SDKROOT = iphoneos;
				SWIFT_COMPILATION_MODE = wholemodule;
				SWIFT_OPTIMIZATION_LEVEL = "-O";
				VALIDATE_PRODUCT = YES;
			};
			name = Release;
		};
		27F12CCE275CE07400D87182 /* Debug */ = {
			isa = XCBuildConfiguration;
			buildSettings = {
				ASSETCATALOG_COMPILER_APPICON_NAME = AppIcon;
				ASSETCATALOG_COMPILER_GLOBAL_ACCENT_COLOR_NAME = AccentColor;
				ASSETCATALOG_COMPILER_INCLUDE_ALL_APPICON_ASSETS = NO;
				CODE_SIGN_STYLE = Automatic;
				CURRENT_PROJECT_VERSION = 1;
				DEVELOPMENT_ASSET_PATHS = "\"Woof/Preview Content\"";
				DEVELOPMENT_TEAM = 7J57M62A98;
				ENABLE_PREVIEWS = YES;
				GENERATE_INFOPLIST_FILE = YES;
				INFOPLIST_FILE = Woof/Info.plist;
				INFOPLIST_KEY_NSFaceIDUsageDescription = "Protect your wallet via biometrics";
				INFOPLIST_KEY_UIApplicationSceneManifest_Generation = YES;
				INFOPLIST_KEY_UIApplicationSupportsIndirectInputEvents = YES;
				INFOPLIST_KEY_UILaunchScreen_Generation = YES;
				INFOPLIST_KEY_UILaunchStoryboardName = LaunchScreen;
				INFOPLIST_KEY_UIStatusBarHidden = YES;
				INFOPLIST_KEY_UISupportedInterfaceOrientations = UIInterfaceOrientationPortrait;
				INFOPLIST_KEY_UISupportedInterfaceOrientations_iPad = "UIInterfaceOrientationPortrait UIInterfaceOrientationPortraitUpsideDown UIInterfaceOrientationLandscapeLeft UIInterfaceOrientationLandscapeRight";
				INFOPLIST_KEY_UISupportedInterfaceOrientations_iPhone = "UIInterfaceOrientationPortrait UIInterfaceOrientationLandscapeLeft UIInterfaceOrientationLandscapeRight";
				LD_RUNPATH_SEARCH_PATHS = (
					"$(inherited)",
					"@executable_path/Frameworks",
				);
				MARKETING_VERSION = 1.0;
				PRODUCT_BUNDLE_IDENTIFIER = com.mjc.Woof;
				PRODUCT_NAME = Moon;
				SWIFT_EMIT_LOC_STRINGS = YES;
				SWIFT_VERSION = 5.0;
				TARGETED_DEVICE_FAMILY = "1,2";
			};
			name = Debug;
		};
		27F12CCF275CE07400D87182 /* Release */ = {
			isa = XCBuildConfiguration;
			buildSettings = {
				ASSETCATALOG_COMPILER_APPICON_NAME = AppIcon;
				ASSETCATALOG_COMPILER_GLOBAL_ACCENT_COLOR_NAME = AccentColor;
				ASSETCATALOG_COMPILER_INCLUDE_ALL_APPICON_ASSETS = NO;
				CODE_SIGN_STYLE = Automatic;
				CURRENT_PROJECT_VERSION = 1;
				DEVELOPMENT_ASSET_PATHS = "\"Woof/Preview Content\"";
				DEVELOPMENT_TEAM = 7J57M62A98;
				ENABLE_PREVIEWS = YES;
				GENERATE_INFOPLIST_FILE = YES;
				INFOPLIST_FILE = Woof/Info.plist;
				INFOPLIST_KEY_NSFaceIDUsageDescription = "Protect your wallet via biometrics";
				INFOPLIST_KEY_UIApplicationSceneManifest_Generation = YES;
				INFOPLIST_KEY_UIApplicationSupportsIndirectInputEvents = YES;
				INFOPLIST_KEY_UILaunchScreen_Generation = YES;
				INFOPLIST_KEY_UILaunchStoryboardName = LaunchScreen;
				INFOPLIST_KEY_UIStatusBarHidden = YES;
				INFOPLIST_KEY_UISupportedInterfaceOrientations = UIInterfaceOrientationPortrait;
				INFOPLIST_KEY_UISupportedInterfaceOrientations_iPad = "UIInterfaceOrientationPortrait UIInterfaceOrientationPortraitUpsideDown UIInterfaceOrientationLandscapeLeft UIInterfaceOrientationLandscapeRight";
				INFOPLIST_KEY_UISupportedInterfaceOrientations_iPhone = "UIInterfaceOrientationPortrait UIInterfaceOrientationLandscapeLeft UIInterfaceOrientationLandscapeRight";
				LD_RUNPATH_SEARCH_PATHS = (
					"$(inherited)",
					"@executable_path/Frameworks",
				);
				MARKETING_VERSION = 1.0;
				PRODUCT_BUNDLE_IDENTIFIER = com.mjc.Woof;
				PRODUCT_NAME = Moon;
				SWIFT_EMIT_LOC_STRINGS = YES;
				SWIFT_VERSION = 5.0;
				TARGETED_DEVICE_FAMILY = "1,2";
			};
			name = Release;
		};
/* End XCBuildConfiguration section */

/* Begin XCConfigurationList section */
		27F12CBA275CE07400D87182 /* Build configuration list for PBXProject "Woof" */ = {
			isa = XCConfigurationList;
			buildConfigurations = (
				27F12CCB275CE07400D87182 /* Debug */,
				27F12CCC275CE07400D87182 /* Release */,
			);
			defaultConfigurationIsVisible = 0;
			defaultConfigurationName = Release;
		};
		27F12CCD275CE07400D87182 /* Build configuration list for PBXNativeTarget "Woof" */ = {
			isa = XCConfigurationList;
			buildConfigurations = (
				27F12CCE275CE07400D87182 /* Debug */,
				27F12CCF275CE07400D87182 /* Release */,
			);
			defaultConfigurationIsVisible = 0;
			defaultConfigurationName = Release;
		};
/* End XCConfigurationList section */

/* Begin XCRemoteSwiftPackageReference section */
		273157BB2771A06B00256151 /* XCRemoteSwiftPackageReference "WalletConnectSwift" */ = {
			isa = XCRemoteSwiftPackageReference;
			repositoryURL = "https://github.com/WalletConnect/WalletConnectSwift";
			requirement = {
				branch = master;
				kind = branch;
			};
		};
		27410766276B0B8900E77A00 /* XCRemoteSwiftPackageReference "SwiftUI-Introspect" */ = {
			isa = XCRemoteSwiftPackageReference;
			repositoryURL = "https://github.com/siteline/SwiftUI-Introspect";
			requirement = {
				branch = master;
				kind = branch;
			};
		};
		2741077A276C972000E77A00 /* XCRemoteSwiftPackageReference "swift-collections" */ = {
			isa = XCRemoteSwiftPackageReference;
			repositoryURL = "https://github.com/apple/swift-collections.git";
			requirement = {
				kind = upToNextMajorVersion;
				minimumVersion = 1.0.0;
			};
		};
		2763CCEF27AB68B9002660F5 /* XCRemoteSwiftPackageReference "BetterSafariView" */ = {
			isa = XCRemoteSwiftPackageReference;
			repositoryURL = "https://github.com/stleamist/BetterSafariView";
			requirement = {
				branch = main;
				kind = branch;
			};
		};
		2793F716278B551500F85363 /* XCRemoteSwiftPackageReference "socket" */ = {
			isa = XCRemoteSwiftPackageReference;
			repositoryURL = "https://github.com/socketio/socket.io-client-swift";
			requirement = {
				branch = master;
				kind = branch;
			};
		};
		2793F71E278B93D800F85363 /* XCRemoteSwiftPackageReference "Starscream" */ = {
			isa = XCRemoteSwiftPackageReference;
			repositoryURL = "https://github.com/daltoniam/Starscream.git";
			requirement = {
				kind = upToNextMajorVersion;
				minimumVersion = 4.0.0;
			};
		};
		27CBF43C27BAE89000DAB861 /* XCRemoteSwiftPackageReference "Toast-Swift" */ = {
			isa = XCRemoteSwiftPackageReference;
			repositoryURL = "https://github.com/BastiaanJansen/Toast-Swift";
			requirement = {
				kind = upToNextMajorVersion;
				minimumVersion = 1.0.0;
			};
		};
		27CBF44727C0C92B00DAB861 /* XCRemoteSwiftPackageReference "PartialSheet" */ = {
			isa = XCRemoteSwiftPackageReference;
			repositoryURL = "https://github.com/AndreaMiotto/PartialSheet";
			requirement = {
				branch = master;
				kind = branch;
			};
		};
		27CD755427936B5900B2D083 /* XCRemoteSwiftPackageReference "SwiftUI-Shimmer" */ = {
			isa = XCRemoteSwiftPackageReference;
			repositoryURL = "https://github.com/markiv/SwiftUI-Shimmer";
			requirement = {
				kind = upToNextMajorVersion;
				minimumVersion = 1.0.0;
			};
		};
		27E02B9F27A88E21008B496F /* XCRemoteSwiftPackageReference "lottie-ios" */ = {
			isa = XCRemoteSwiftPackageReference;
			repositoryURL = "https://github.com/airbnb/lottie-ios";
			requirement = {
				branch = master;
				kind = branch;
			};
		};
/* End XCRemoteSwiftPackageReference section */

/* Begin XCSwiftPackageProductDependency section */
		273157BC2771A06B00256151 /* WalletConnectSwift */ = {
			isa = XCSwiftPackageProductDependency;
			package = 273157BB2771A06B00256151 /* XCRemoteSwiftPackageReference "WalletConnectSwift" */;
			productName = WalletConnectSwift;
		};
		27410767276B0B8900E77A00 /* Introspect */ = {
			isa = XCSwiftPackageProductDependency;
			package = 27410766276B0B8900E77A00 /* XCRemoteSwiftPackageReference "SwiftUI-Introspect" */;
			productName = Introspect;
		};
		2741077B276C972000E77A00 /* OrderedCollections */ = {
			isa = XCSwiftPackageProductDependency;
			package = 2741077A276C972000E77A00 /* XCRemoteSwiftPackageReference "swift-collections" */;
			productName = OrderedCollections;
		};
		2763CCF027AB68B9002660F5 /* BetterSafariView */ = {
			isa = XCSwiftPackageProductDependency;
			package = 2763CCEF27AB68B9002660F5 /* XCRemoteSwiftPackageReference "BetterSafariView" */;
			productName = BetterSafariView;
		};
		2793F717278B551500F85363 /* SocketIO */ = {
			isa = XCSwiftPackageProductDependency;
			package = 2793F716278B551500F85363 /* XCRemoteSwiftPackageReference "socket" */;
			productName = SocketIO;
		};
		2793F71F278B93D800F85363 /* Starscream */ = {
			isa = XCSwiftPackageProductDependency;
			package = 2793F71E278B93D800F85363 /* XCRemoteSwiftPackageReference "Starscream" */;
			productName = Starscream;
		};
		27CBF43D27BAE89000DAB861 /* Toast */ = {
			isa = XCSwiftPackageProductDependency;
			package = 27CBF43C27BAE89000DAB861 /* XCRemoteSwiftPackageReference "Toast-Swift" */;
			productName = Toast;
		};
		27CBF44827C0C92B00DAB861 /* PartialSheet */ = {
			isa = XCSwiftPackageProductDependency;
			package = 27CBF44727C0C92B00DAB861 /* XCRemoteSwiftPackageReference "PartialSheet" */;
			productName = PartialSheet;
		};
		27CD755527936B5900B2D083 /* Shimmer */ = {
			isa = XCSwiftPackageProductDependency;
			package = 27CD755427936B5900B2D083 /* XCRemoteSwiftPackageReference "SwiftUI-Shimmer" */;
			productName = Shimmer;
		};
		27E02BA027A88E21008B496F /* Lottie */ = {
			isa = XCSwiftPackageProductDependency;
			package = 27E02B9F27A88E21008B496F /* XCRemoteSwiftPackageReference "lottie-ios" */;
			productName = Lottie;
		};
/* End XCSwiftPackageProductDependency section */

/* Begin XCVersionGroup section */
		27E9E2082769AF3E00EBB552 /* Model.xcdatamodeld */ = {
			isa = XCVersionGroup;
			children = (
				27E9E2092769AF3E00EBB552 /* Model.xcdatamodel */,
			);
			currentVersion = 27E9E2092769AF3E00EBB552 /* Model.xcdatamodel */;
			path = Model.xcdatamodeld;
			sourceTree = "<group>";
			versionGroupType = wrapper.xcdatamodel;
		};
/* End XCVersionGroup section */
	};
	rootObject = 27F12CB7275CE07400D87182 /* Project object */;
}
