// !$*UTF8*$!
{
	archiveVersion = 1;
	classes = {
	};
	objectVersion = 55;
	objects = {

/* Begin PBXBuildFile section */
		2730DFFC275DB59B0082BE45 /* CalendarRule.swift in Sources */ = {isa = PBXBuildFile; fileRef = 2730DFFB275DB59B0082BE45 /* CalendarRule.swift */; };
		2730E000275DBB770082BE45 /* Comparator.swift in Sources */ = {isa = PBXBuildFile; fileRef = 2730DFFF275DBB770082BE45 /* Comparator.swift */; };
		2730E002275DBB840082BE45 /* LogicalOperator.swift in Sources */ = {isa = PBXBuildFile; fileRef = 2730E001275DBB840082BE45 /* LogicalOperator.swift */; };
		2730E005275DBBA80082BE45 /* Crypto.swift in Sources */ = {isa = PBXBuildFile; fileRef = 2730E004275DBBA80082BE45 /* Crypto.swift */; };
		2730E008275DBBBA0082BE45 /* Wallet.swift in Sources */ = {isa = PBXBuildFile; fileRef = 2730E007275DBBBA0082BE45 /* Wallet.swift */; };
		2730E00A275DBBCE0082BE45 /* GenericActionCell.swift in Sources */ = {isa = PBXBuildFile; fileRef = 2730E009275DBBCE0082BE45 /* GenericActionCell.swift */; };
		2730E00D275DBD930082BE45 /* Action.swift in Sources */ = {isa = PBXBuildFile; fileRef = 2730E00C275DBD930082BE45 /* Action.swift */; };
		2730E00F275DC45A0082BE45 /* AutomationSummaryCell.swift in Sources */ = {isa = PBXBuildFile; fileRef = 2730E00E275DC45A0082BE45 /* AutomationSummaryCell.swift */; };
		27F12CC3275CE07400D87182 /* WoofApp.swift in Sources */ = {isa = PBXBuildFile; fileRef = 27F12CC2275CE07400D87182 /* WoofApp.swift */; };
		27F12CC5275CE07400D87182 /* WoofTabView.swift in Sources */ = {isa = PBXBuildFile; fileRef = 27F12CC4275CE07400D87182 /* WoofTabView.swift */; };
		27F12CC7275CE07400D87182 /* Assets.xcassets in Resources */ = {isa = PBXBuildFile; fileRef = 27F12CC6275CE07400D87182 /* Assets.xcassets */; };
		27F12CCA275CE07400D87182 /* Preview Assets.xcassets in Resources */ = {isa = PBXBuildFile; fileRef = 27F12CC9275CE07400D87182 /* Preview Assets.xcassets */; };
		27F12CD1275CE0E600D87182 /* HomeView.swift in Sources */ = {isa = PBXBuildFile; fileRef = 27F12CD0275CE0E600D87182 /* HomeView.swift */; };
		27F12CD3275CE0F500D87182 /* NotificationView.swift in Sources */ = {isa = PBXBuildFile; fileRef = 27F12CD2275CE0F500D87182 /* NotificationView.swift */; };
		27F12CD5275CE12200D87182 /* SettingsView.swift in Sources */ = {isa = PBXBuildFile; fileRef = 27F12CD4275CE12200D87182 /* SettingsView.swift */; };
		27F12CD7275CE42700D87182 /* Color+Extension.swift in Sources */ = {isa = PBXBuildFile; fileRef = 27F12CD6275CE42700D87182 /* Color+Extension.swift */; };
		27F12CD9275CEB8800D87182 /* RuleCreatorView.swift in Sources */ = {isa = PBXBuildFile; fileRef = 27F12CD8275CEB8800D87182 /* RuleCreatorView.swift */; };
		27F12CE1275CF62000D87182 /* BottomSheet in Frameworks */ = {isa = PBXBuildFile; productRef = 27F12CE0275CF62000D87182 /* BottomSheet */; };
		27F12CE3275D700600D87182 /* ActionList.swift in Sources */ = {isa = PBXBuildFile; fileRef = 27F12CE2275D700600D87182 /* ActionList.swift */; };
		27F12CE5275D75CC00D87182 /* Condition.swift in Sources */ = {isa = PBXBuildFile; fileRef = 27F12CE4275D75CC00D87182 /* Condition.swift */; };
		27F12CE7275D7D7900D87182 /* Number+Extension.swift in Sources */ = {isa = PBXBuildFile; fileRef = 27F12CE6275D7D7900D87182 /* Number+Extension.swift */; };
/* End PBXBuildFile section */

/* Begin PBXFileReference section */
		2730DFFB275DB59B0082BE45 /* CalendarRule.swift */ = {isa = PBXFileReference; lastKnownFileType = sourcecode.swift; path = CalendarRule.swift; sourceTree = "<group>"; };
		2730DFFF275DBB770082BE45 /* Comparator.swift */ = {isa = PBXFileReference; lastKnownFileType = sourcecode.swift; path = Comparator.swift; sourceTree = "<group>"; };
		2730E001275DBB840082BE45 /* LogicalOperator.swift */ = {isa = PBXFileReference; lastKnownFileType = sourcecode.swift; path = LogicalOperator.swift; sourceTree = "<group>"; };
		2730E004275DBBA80082BE45 /* Crypto.swift */ = {isa = PBXFileReference; lastKnownFileType = sourcecode.swift; path = Crypto.swift; sourceTree = "<group>"; };
		2730E007275DBBBA0082BE45 /* Wallet.swift */ = {isa = PBXFileReference; lastKnownFileType = sourcecode.swift; path = Wallet.swift; sourceTree = "<group>"; };
		2730E009275DBBCE0082BE45 /* GenericActionCell.swift */ = {isa = PBXFileReference; lastKnownFileType = sourcecode.swift; path = GenericActionCell.swift; sourceTree = "<group>"; };
		2730E00C275DBD930082BE45 /* Action.swift */ = {isa = PBXFileReference; lastKnownFileType = sourcecode.swift; path = Action.swift; sourceTree = "<group>"; };
		2730E00E275DC45A0082BE45 /* AutomationSummaryCell.swift */ = {isa = PBXFileReference; lastKnownFileType = sourcecode.swift; path = AutomationSummaryCell.swift; sourceTree = "<group>"; };
		27F12CBF275CE07400D87182 /* Woof.app */ = {isa = PBXFileReference; explicitFileType = wrapper.application; includeInIndex = 0; path = Woof.app; sourceTree = BUILT_PRODUCTS_DIR; };
		27F12CC2275CE07400D87182 /* WoofApp.swift */ = {isa = PBXFileReference; lastKnownFileType = sourcecode.swift; path = WoofApp.swift; sourceTree = "<group>"; };
		27F12CC4275CE07400D87182 /* WoofTabView.swift */ = {isa = PBXFileReference; lastKnownFileType = sourcecode.swift; path = WoofTabView.swift; sourceTree = "<group>"; };
		27F12CC6275CE07400D87182 /* Assets.xcassets */ = {isa = PBXFileReference; lastKnownFileType = folder.assetcatalog; path = Assets.xcassets; sourceTree = "<group>"; };
		27F12CC9275CE07400D87182 /* Preview Assets.xcassets */ = {isa = PBXFileReference; lastKnownFileType = folder.assetcatalog; path = "Preview Assets.xcassets"; sourceTree = "<group>"; };
		27F12CD0275CE0E600D87182 /* HomeView.swift */ = {isa = PBXFileReference; lastKnownFileType = sourcecode.swift; path = HomeView.swift; sourceTree = "<group>"; };
		27F12CD2275CE0F500D87182 /* NotificationView.swift */ = {isa = PBXFileReference; lastKnownFileType = sourcecode.swift; path = NotificationView.swift; sourceTree = "<group>"; };
		27F12CD4275CE12200D87182 /* SettingsView.swift */ = {isa = PBXFileReference; lastKnownFileType = sourcecode.swift; path = SettingsView.swift; sourceTree = "<group>"; };
		27F12CD6275CE42700D87182 /* Color+Extension.swift */ = {isa = PBXFileReference; lastKnownFileType = sourcecode.swift; path = "Color+Extension.swift"; sourceTree = "<group>"; };
		27F12CD8275CEB8800D87182 /* RuleCreatorView.swift */ = {isa = PBXFileReference; lastKnownFileType = sourcecode.swift; path = RuleCreatorView.swift; sourceTree = "<group>"; };
		27F12CE2275D700600D87182 /* ActionList.swift */ = {isa = PBXFileReference; lastKnownFileType = sourcecode.swift; path = ActionList.swift; sourceTree = "<group>"; };
		27F12CE4275D75CC00D87182 /* Condition.swift */ = {isa = PBXFileReference; lastKnownFileType = sourcecode.swift; path = Condition.swift; sourceTree = "<group>"; };
		27F12CE6275D7D7900D87182 /* Number+Extension.swift */ = {isa = PBXFileReference; lastKnownFileType = sourcecode.swift; path = "Number+Extension.swift"; sourceTree = "<group>"; };
/* End PBXFileReference section */

/* Begin PBXFrameworksBuildPhase section */
		27F12CBC275CE07400D87182 /* Frameworks */ = {
			isa = PBXFrameworksBuildPhase;
			buildActionMask = 2147483647;
			files = (
				27F12CE1275CF62000D87182 /* BottomSheet in Frameworks */,
			);
			runOnlyForDeploymentPostprocessing = 0;
		};
/* End PBXFrameworksBuildPhase section */

/* Begin PBXGroup section */
		2730E003275DBB8E0082BE45 /* Automation Models */ = {
			isa = PBXGroup;
			children = (
				27F12CE4275D75CC00D87182 /* Condition.swift */,
				2730E00C275DBD930082BE45 /* Action.swift */,
				2730E001275DBB840082BE45 /* LogicalOperator.swift */,
				2730DFFF275DBB770082BE45 /* Comparator.swift */,
			);
			path = "Automation Models";
			sourceTree = "<group>";
		};
		2730E006275DBBAD0082BE45 /* Entities */ = {
			isa = PBXGroup;
			children = (
				2730E004275DBBA80082BE45 /* Crypto.swift */,
				2730E007275DBBBA0082BE45 /* Wallet.swift */,
			);
			path = Entities;
			sourceTree = "<group>";
		};
		2730E00B275DBC070082BE45 /* UI Components */ = {
			isa = PBXGroup;
			children = (
				2730E009275DBBCE0082BE45 /* GenericActionCell.swift */,
				2730E00E275DC45A0082BE45 /* AutomationSummaryCell.swift */,
				27F12CE2275D700600D87182 /* ActionList.swift */,
			);
			path = "UI Components";
			sourceTree = "<group>";
		};
		27F12CB6275CE07400D87182 = {
			isa = PBXGroup;
			children = (
				27F12CC1275CE07400D87182 /* Woof */,
				27F12CC0275CE07400D87182 /* Products */,
			);
			sourceTree = "<group>";
		};
		27F12CC0275CE07400D87182 /* Products */ = {
			isa = PBXGroup;
			children = (
				27F12CBF275CE07400D87182 /* Woof.app */,
			);
			name = Products;
			sourceTree = "<group>";
		};
		27F12CC1275CE07400D87182 /* Woof */ = {
			isa = PBXGroup;
			children = (
				27F12CC2275CE07400D87182 /* WoofApp.swift */,
				27F12CC4275CE07400D87182 /* WoofTabView.swift */,
				27F12CD0275CE0E600D87182 /* HomeView.swift */,
				27F12CD8275CEB8800D87182 /* RuleCreatorView.swift */,
				2730E00B275DBC070082BE45 /* UI Components */,
				2730E006275DBBAD0082BE45 /* Entities */,
				2730E003275DBB8E0082BE45 /* Automation Models */,
				2730DFFB275DB59B0082BE45 /* CalendarRule.swift */,
				27F12CD2275CE0F500D87182 /* NotificationView.swift */,
				27F12CD4275CE12200D87182 /* SettingsView.swift */,
				27F12CE8275D91D100D87182 /* Extension */,
				27F12CC6275CE07400D87182 /* Assets.xcassets */,
				27F12CC8275CE07400D87182 /* Preview Content */,
			);
			path = Woof;
			sourceTree = "<group>";
		};
		27F12CC8275CE07400D87182 /* Preview Content */ = {
			isa = PBXGroup;
			children = (
				27F12CC9275CE07400D87182 /* Preview Assets.xcassets */,
			);
			path = "Preview Content";
			sourceTree = "<group>";
		};
		27F12CE8275D91D100D87182 /* Extension */ = {
			isa = PBXGroup;
			children = (
				27F12CE6275D7D7900D87182 /* Number+Extension.swift */,
				27F12CD6275CE42700D87182 /* Color+Extension.swift */,
			);
			path = Extension;
			sourceTree = "<group>";
		};
/* End PBXGroup section */

/* Begin PBXNativeTarget section */
		27F12CBE275CE07400D87182 /* Woof */ = {
			isa = PBXNativeTarget;
			buildConfigurationList = 27F12CCD275CE07400D87182 /* Build configuration list for PBXNativeTarget "Woof" */;
			buildPhases = (
				27F12CBB275CE07400D87182 /* Sources */,
				27F12CBC275CE07400D87182 /* Frameworks */,
				27F12CBD275CE07400D87182 /* Resources */,
			);
			buildRules = (
			);
			dependencies = (
			);
			name = Woof;
			packageProductDependencies = (
				27F12CE0275CF62000D87182 /* BottomSheet */,
			);
			productName = Woof;
			productReference = 27F12CBF275CE07400D87182 /* Woof.app */;
			productType = "com.apple.product-type.application";
		};
/* End PBXNativeTarget section */

/* Begin PBXProject section */
		27F12CB7275CE07400D87182 /* Project object */ = {
			isa = PBXProject;
			attributes = {
				BuildIndependentTargetsInParallel = 1;
				LastSwiftUpdateCheck = 1310;
				LastUpgradeCheck = 1310;
				TargetAttributes = {
					27F12CBE275CE07400D87182 = {
						CreatedOnToolsVersion = 13.1;
					};
				};
			};
			buildConfigurationList = 27F12CBA275CE07400D87182 /* Build configuration list for PBXProject "Woof" */;
			compatibilityVersion = "Xcode 13.0";
			developmentRegion = en;
			hasScannedForEncodings = 0;
			knownRegions = (
				en,
				Base,
			);
			mainGroup = 27F12CB6275CE07400D87182;
			packageReferences = (
				27F12CDF275CF62000D87182 /* XCRemoteSwiftPackageReference "BottomSheet" */,
			);
			productRefGroup = 27F12CC0275CE07400D87182 /* Products */;
			projectDirPath = "";
			projectRoot = "";
			targets = (
				27F12CBE275CE07400D87182 /* Woof */,
			);
		};
/* End PBXProject section */

/* Begin PBXResourcesBuildPhase section */
		27F12CBD275CE07400D87182 /* Resources */ = {
			isa = PBXResourcesBuildPhase;
			buildActionMask = 2147483647;
			files = (
				27F12CCA275CE07400D87182 /* Preview Assets.xcassets in Resources */,
				27F12CC7275CE07400D87182 /* Assets.xcassets in Resources */,
			);
			runOnlyForDeploymentPostprocessing = 0;
		};
/* End PBXResourcesBuildPhase section */

/* Begin PBXSourcesBuildPhase section */
		27F12CBB275CE07400D87182 /* Sources */ = {
			isa = PBXSourcesBuildPhase;
			buildActionMask = 2147483647;
			files = (
				2730E008275DBBBA0082BE45 /* Wallet.swift in Sources */,
				27F12CD5275CE12200D87182 /* SettingsView.swift in Sources */,
				27F12CE5275D75CC00D87182 /* Condition.swift in Sources */,
				27F12CD9275CEB8800D87182 /* RuleCreatorView.swift in Sources */,
				27F12CD1275CE0E600D87182 /* HomeView.swift in Sources */,
				2730E00F275DC45A0082BE45 /* AutomationSummaryCell.swift in Sources */,
				27F12CC5275CE07400D87182 /* WoofTabView.swift in Sources */,
				27F12CE3275D700600D87182 /* ActionList.swift in Sources */,
				27F12CC3275CE07400D87182 /* WoofApp.swift in Sources */,
				2730DFFC275DB59B0082BE45 /* CalendarRule.swift in Sources */,
				2730E00D275DBD930082BE45 /* Action.swift in Sources */,
				27F12CD3275CE0F500D87182 /* NotificationView.swift in Sources */,
				27F12CE7275D7D7900D87182 /* Number+Extension.swift in Sources */,
				27F12CD7275CE42700D87182 /* Color+Extension.swift in Sources */,
				2730E000275DBB770082BE45 /* Comparator.swift in Sources */,
				2730E00A275DBBCE0082BE45 /* GenericActionCell.swift in Sources */,
				2730E005275DBBA80082BE45 /* Crypto.swift in Sources */,
				2730E002275DBB840082BE45 /* LogicalOperator.swift in Sources */,
			);
			runOnlyForDeploymentPostprocessing = 0;
		};
/* End PBXSourcesBuildPhase section */

/* Begin XCBuildConfiguration section */
		27F12CCB275CE07400D87182 /* Debug */ = {
			isa = XCBuildConfiguration;
			buildSettings = {
				ALWAYS_SEARCH_USER_PATHS = NO;
				CLANG_ANALYZER_NONNULL = YES;
				CLANG_ANALYZER_NUMBER_OBJECT_CONVERSION = YES_AGGRESSIVE;
				CLANG_CXX_LANGUAGE_STANDARD = "gnu++17";
				CLANG_CXX_LIBRARY = "libc++";
				CLANG_ENABLE_MODULES = YES;
				CLANG_ENABLE_OBJC_ARC = YES;
				CLANG_ENABLE_OBJC_WEAK = YES;
				CLANG_WARN_BLOCK_CAPTURE_AUTORELEASING = YES;
				CLANG_WARN_BOOL_CONVERSION = YES;
				CLANG_WARN_COMMA = YES;
				CLANG_WARN_CONSTANT_CONVERSION = YES;
				CLANG_WARN_DEPRECATED_OBJC_IMPLEMENTATIONS = YES;
				CLANG_WARN_DIRECT_OBJC_ISA_USAGE = YES_ERROR;
				CLANG_WARN_DOCUMENTATION_COMMENTS = YES;
				CLANG_WARN_EMPTY_BODY = YES;
				CLANG_WARN_ENUM_CONVERSION = YES;
				CLANG_WARN_INFINITE_RECURSION = YES;
				CLANG_WARN_INT_CONVERSION = YES;
				CLANG_WARN_NON_LITERAL_NULL_CONVERSION = YES;
				CLANG_WARN_OBJC_IMPLICIT_RETAIN_SELF = YES;
				CLANG_WARN_OBJC_LITERAL_CONVERSION = YES;
				CLANG_WARN_OBJC_ROOT_CLASS = YES_ERROR;
				CLANG_WARN_QUOTED_INCLUDE_IN_FRAMEWORK_HEADER = YES;
				CLANG_WARN_RANGE_LOOP_ANALYSIS = YES;
				CLANG_WARN_STRICT_PROTOTYPES = YES;
				CLANG_WARN_SUSPICIOUS_MOVE = YES;
				CLANG_WARN_UNGUARDED_AVAILABILITY = YES_AGGRESSIVE;
				CLANG_WARN_UNREACHABLE_CODE = YES;
				CLANG_WARN__DUPLICATE_METHOD_MATCH = YES;
				COPY_PHASE_STRIP = NO;
				DEBUG_INFORMATION_FORMAT = dwarf;
				ENABLE_STRICT_OBJC_MSGSEND = YES;
				ENABLE_TESTABILITY = YES;
				GCC_C_LANGUAGE_STANDARD = gnu11;
				GCC_DYNAMIC_NO_PIC = NO;
				GCC_NO_COMMON_BLOCKS = YES;
				GCC_OPTIMIZATION_LEVEL = 0;
				GCC_PREPROCESSOR_DEFINITIONS = (
					"DEBUG=1",
					"$(inherited)",
				);
				GCC_WARN_64_TO_32_BIT_CONVERSION = YES;
				GCC_WARN_ABOUT_RETURN_TYPE = YES_ERROR;
				GCC_WARN_UNDECLARED_SELECTOR = YES;
				GCC_WARN_UNINITIALIZED_AUTOS = YES_AGGRESSIVE;
				GCC_WARN_UNUSED_FUNCTION = YES;
				GCC_WARN_UNUSED_VARIABLE = YES;
				IPHONEOS_DEPLOYMENT_TARGET = 15.0;
				MTL_ENABLE_DEBUG_INFO = INCLUDE_SOURCE;
				MTL_FAST_MATH = YES;
				ONLY_ACTIVE_ARCH = YES;
				SDKROOT = iphoneos;
				SWIFT_ACTIVE_COMPILATION_CONDITIONS = DEBUG;
				SWIFT_OPTIMIZATION_LEVEL = "-Onone";
			};
			name = Debug;
		};
		27F12CCC275CE07400D87182 /* Release */ = {
			isa = XCBuildConfiguration;
			buildSettings = {
				ALWAYS_SEARCH_USER_PATHS = NO;
				CLANG_ANALYZER_NONNULL = YES;
				CLANG_ANALYZER_NUMBER_OBJECT_CONVERSION = YES_AGGRESSIVE;
				CLANG_CXX_LANGUAGE_STANDARD = "gnu++17";
				CLANG_CXX_LIBRARY = "libc++";
				CLANG_ENABLE_MODULES = YES;
				CLANG_ENABLE_OBJC_ARC = YES;
				CLANG_ENABLE_OBJC_WEAK = YES;
				CLANG_WARN_BLOCK_CAPTURE_AUTORELEASING = YES;
				CLANG_WARN_BOOL_CONVERSION = YES;
				CLANG_WARN_COMMA = YES;
				CLANG_WARN_CONSTANT_CONVERSION = YES;
				CLANG_WARN_DEPRECATED_OBJC_IMPLEMENTATIONS = YES;
				CLANG_WARN_DIRECT_OBJC_ISA_USAGE = YES_ERROR;
				CLANG_WARN_DOCUMENTATION_COMMENTS = YES;
				CLANG_WARN_EMPTY_BODY = YES;
				CLANG_WARN_ENUM_CONVERSION = YES;
				CLANG_WARN_INFINITE_RECURSION = YES;
				CLANG_WARN_INT_CONVERSION = YES;
				CLANG_WARN_NON_LITERAL_NULL_CONVERSION = YES;
				CLANG_WARN_OBJC_IMPLICIT_RETAIN_SELF = YES;
				CLANG_WARN_OBJC_LITERAL_CONVERSION = YES;
				CLANG_WARN_OBJC_ROOT_CLASS = YES_ERROR;
				CLANG_WARN_QUOTED_INCLUDE_IN_FRAMEWORK_HEADER = YES;
				CLANG_WARN_RANGE_LOOP_ANALYSIS = YES;
				CLANG_WARN_STRICT_PROTOTYPES = YES;
				CLANG_WARN_SUSPICIOUS_MOVE = YES;
				CLANG_WARN_UNGUARDED_AVAILABILITY = YES_AGGRESSIVE;
				CLANG_WARN_UNREACHABLE_CODE = YES;
				CLANG_WARN__DUPLICATE_METHOD_MATCH = YES;
				COPY_PHASE_STRIP = NO;
				DEBUG_INFORMATION_FORMAT = "dwarf-with-dsym";
				ENABLE_NS_ASSERTIONS = NO;
				ENABLE_STRICT_OBJC_MSGSEND = YES;
				GCC_C_LANGUAGE_STANDARD = gnu11;
				GCC_NO_COMMON_BLOCKS = YES;
				GCC_WARN_64_TO_32_BIT_CONVERSION = YES;
				GCC_WARN_ABOUT_RETURN_TYPE = YES_ERROR;
				GCC_WARN_UNDECLARED_SELECTOR = YES;
				GCC_WARN_UNINITIALIZED_AUTOS = YES_AGGRESSIVE;
				GCC_WARN_UNUSED_FUNCTION = YES;
				GCC_WARN_UNUSED_VARIABLE = YES;
				IPHONEOS_DEPLOYMENT_TARGET = 15.0;
				MTL_ENABLE_DEBUG_INFO = NO;
				MTL_FAST_MATH = YES;
				SDKROOT = iphoneos;
				SWIFT_COMPILATION_MODE = wholemodule;
				SWIFT_OPTIMIZATION_LEVEL = "-O";
				VALIDATE_PRODUCT = YES;
			};
			name = Release;
		};
		27F12CCE275CE07400D87182 /* Debug */ = {
			isa = XCBuildConfiguration;
			buildSettings = {
				ASSETCATALOG_COMPILER_APPICON_NAME = AppIcon;
				ASSETCATALOG_COMPILER_GLOBAL_ACCENT_COLOR_NAME = AccentColor;
				CODE_SIGN_STYLE = Automatic;
				CURRENT_PROJECT_VERSION = 1;
				DEVELOPMENT_ASSET_PATHS = "\"Woof/Preview Content\"";
				DEVELOPMENT_TEAM = 7J57M62A98;
				ENABLE_PREVIEWS = YES;
				GENERATE_INFOPLIST_FILE = YES;
				INFOPLIST_KEY_UIApplicationSceneManifest_Generation = YES;
				INFOPLIST_KEY_UIApplicationSupportsIndirectInputEvents = YES;
				INFOPLIST_KEY_UILaunchScreen_Generation = YES;
				INFOPLIST_KEY_UISupportedInterfaceOrientations_iPad = "UIInterfaceOrientationPortrait UIInterfaceOrientationPortraitUpsideDown UIInterfaceOrientationLandscapeLeft UIInterfaceOrientationLandscapeRight";
				INFOPLIST_KEY_UISupportedInterfaceOrientations_iPhone = "UIInterfaceOrientationPortrait UIInterfaceOrientationLandscapeLeft UIInterfaceOrientationLandscapeRight";
				LD_RUNPATH_SEARCH_PATHS = (
					"$(inherited)",
					"@executable_path/Frameworks",
				);
				MARKETING_VERSION = 1.0;
				PRODUCT_BUNDLE_IDENTIFIER = com.mjc.Woof;
				PRODUCT_NAME = "$(TARGET_NAME)";
				SWIFT_EMIT_LOC_STRINGS = YES;
				SWIFT_VERSION = 5.0;
				TARGETED_DEVICE_FAMILY = "1,2";
			};
			name = Debug;
		};
		27F12CCF275CE07400D87182 /* Release */ = {
			isa = XCBuildConfiguration;
			buildSettings = {
				ASSETCATALOG_COMPILER_APPICON_NAME = AppIcon;
				ASSETCATALOG_COMPILER_GLOBAL_ACCENT_COLOR_NAME = AccentColor;
				CODE_SIGN_STYLE = Automatic;
				CURRENT_PROJECT_VERSION = 1;
				DEVELOPMENT_ASSET_PATHS = "\"Woof/Preview Content\"";
				DEVELOPMENT_TEAM = 7J57M62A98;
				ENABLE_PREVIEWS = YES;
				GENERATE_INFOPLIST_FILE = YES;
				INFOPLIST_KEY_UIApplicationSceneManifest_Generation = YES;
				INFOPLIST_KEY_UIApplicationSupportsIndirectInputEvents = YES;
				INFOPLIST_KEY_UILaunchScreen_Generation = YES;
				INFOPLIST_KEY_UISupportedInterfaceOrientations_iPad = "UIInterfaceOrientationPortrait UIInterfaceOrientationPortraitUpsideDown UIInterfaceOrientationLandscapeLeft UIInterfaceOrientationLandscapeRight";
				INFOPLIST_KEY_UISupportedInterfaceOrientations_iPhone = "UIInterfaceOrientationPortrait UIInterfaceOrientationLandscapeLeft UIInterfaceOrientationLandscapeRight";
				LD_RUNPATH_SEARCH_PATHS = (
					"$(inherited)",
					"@executable_path/Frameworks",
				);
				MARKETING_VERSION = 1.0;
				PRODUCT_BUNDLE_IDENTIFIER = com.mjc.Woof;
				PRODUCT_NAME = "$(TARGET_NAME)";
				SWIFT_EMIT_LOC_STRINGS = YES;
				SWIFT_VERSION = 5.0;
				TARGETED_DEVICE_FAMILY = "1,2";
			};
			name = Release;
		};
/* End XCBuildConfiguration section */

/* Begin XCConfigurationList section */
		27F12CBA275CE07400D87182 /* Build configuration list for PBXProject "Woof" */ = {
			isa = XCConfigurationList;
			buildConfigurations = (
				27F12CCB275CE07400D87182 /* Debug */,
				27F12CCC275CE07400D87182 /* Release */,
			);
			defaultConfigurationIsVisible = 0;
			defaultConfigurationName = Release;
		};
		27F12CCD275CE07400D87182 /* Build configuration list for PBXNativeTarget "Woof" */ = {
			isa = XCConfigurationList;
			buildConfigurations = (
				27F12CCE275CE07400D87182 /* Debug */,
				27F12CCF275CE07400D87182 /* Release */,
			);
			defaultConfigurationIsVisible = 0;
			defaultConfigurationName = Release;
		};
/* End XCConfigurationList section */

/* Begin XCRemoteSwiftPackageReference section */
		27F12CDF275CF62000D87182 /* XCRemoteSwiftPackageReference "BottomSheet" */ = {
			isa = XCRemoteSwiftPackageReference;
			repositoryURL = "https://github.com/LucasMucGH/BottomSheet";
			requirement = {
				kind = upToNextMajorVersion;
				minimumVersion = 2.0.0;
			};
		};
/* End XCRemoteSwiftPackageReference section */

/* Begin XCSwiftPackageProductDependency section */
		27F12CE0275CF62000D87182 /* BottomSheet */ = {
			isa = XCSwiftPackageProductDependency;
			package = 27F12CDF275CF62000D87182 /* XCRemoteSwiftPackageReference "BottomSheet" */;
			productName = BottomSheet;
		};
/* End XCSwiftPackageProductDependency section */
	};
	rootObject = 27F12CB7275CE07400D87182 /* Project object */;
}
