// !$*UTF8*$!
{
	archiveVersion = 1;
	classes = {
	};
	objectVersion = 55;
	objects = {

/* Begin PBXBuildFile section */
		2702419827672DE9003084E5 /* View+floatingPanel.swift in Sources */ = {isa = PBXBuildFile; fileRef = 2702419127672DE9003084E5 /* View+floatingPanel.swift */; };
		2702419927672DE9003084E5 /* View+floatingPanelContentMode.swift in Sources */ = {isa = PBXBuildFile; fileRef = 2702419227672DE9003084E5 /* View+floatingPanelContentMode.swift */; };
		2702419A27672DE9003084E5 /* View+floatingPanelSurfaceAppearance.swift in Sources */ = {isa = PBXBuildFile; fileRef = 2702419327672DE9003084E5 /* View+floatingPanelSurfaceAppearance.swift */; };
		2702419B27672DE9003084E5 /* FloatingPanelView.swift in Sources */ = {isa = PBXBuildFile; fileRef = 2702419427672DE9003084E5 /* FloatingPanelView.swift */; };
		2702419C27672DE9003084E5 /* UIHostingController+ignoreKeyboard.swift in Sources */ = {isa = PBXBuildFile; fileRef = 2702419527672DE9003084E5 /* UIHostingController+ignoreKeyboard.swift */; };
		2702419D27672DE9003084E5 /* View+floatingPanelGrabberHandlePadding.swift in Sources */ = {isa = PBXBuildFile; fileRef = 2702419627672DE9003084E5 /* View+floatingPanelGrabberHandlePadding.swift */; };
		2702419E27672DE9003084E5 /* View+floatingPanelContentInsetAdjustmentBehavior.swift in Sources */ = {isa = PBXBuildFile; fileRef = 2702419727672DE9003084E5 /* View+floatingPanelContentInsetAdjustmentBehavior.swift */; };
		270241A127672EC1003084E5 /* FloatingPanel in Frameworks */ = {isa = PBXBuildFile; productRef = 270241A027672EC1003084E5 /* FloatingPanel */; };
		270241A327672F8A003084E5 /* SurfaceAppearance+phone.swift in Sources */ = {isa = PBXBuildFile; fileRef = 270241A227672F8A003084E5 /* SurfaceAppearance+phone.swift */; };
		270241A62767301B003084E5 /* SearchBar.swift in Sources */ = {isa = PBXBuildFile; fileRef = 270241A42767301B003084E5 /* SearchBar.swift */; };
		270241AC27673812003084E5 /* PanelDelegate.swift in Sources */ = {isa = PBXBuildFile; fileRef = 270241AB27673812003084E5 /* PanelDelegate.swift */; };
		270241B72768723E003084E5 /* ComparatorEditor.swift in Sources */ = {isa = PBXBuildFile; fileRef = 270241B62768723E003084E5 /* ComparatorEditor.swift */; };
		270241BA27698A36003084E5 /* String+Extension.swift in Sources */ = {isa = PBXBuildFile; fileRef = 270241B927698A36003084E5 /* String+Extension.swift */; };
		2730DFFC275DB59B0082BE45 /* CalendarRule.swift in Sources */ = {isa = PBXBuildFile; fileRef = 2730DFFB275DB59B0082BE45 /* CalendarRule.swift */; };
		2730E000275DBB770082BE45 /* Comparator.swift in Sources */ = {isa = PBXBuildFile; fileRef = 2730DFFF275DBB770082BE45 /* Comparator.swift */; };
		2730E002275DBB840082BE45 /* LogicalOperator.swift in Sources */ = {isa = PBXBuildFile; fileRef = 2730E001275DBB840082BE45 /* LogicalOperator.swift */; };
		2730E005275DBBA80082BE45 /* Crypto.swift in Sources */ = {isa = PBXBuildFile; fileRef = 2730E004275DBBA80082BE45 /* Crypto.swift */; };
		2730E008275DBBBA0082BE45 /* Wallet.swift in Sources */ = {isa = PBXBuildFile; fileRef = 2730E007275DBBBA0082BE45 /* Wallet.swift */; };
		2730E00A275DBBCE0082BE45 /* GenericActionCell.swift in Sources */ = {isa = PBXBuildFile; fileRef = 2730E009275DBBCE0082BE45 /* GenericActionCell.swift */; };
		2730E00D275DBD930082BE45 /* ActionType.swift in Sources */ = {isa = PBXBuildFile; fileRef = 2730E00C275DBD930082BE45 /* ActionType.swift */; };
		2730E00F275DC45A0082BE45 /* AutomationSummaryCell.swift in Sources */ = {isa = PBXBuildFile; fileRef = 2730E00E275DC45A0082BE45 /* AutomationSummaryCell.swift */; };
		2730E011275DCC1B0082BE45 /* PercentageChange.swift in Sources */ = {isa = PBXBuildFile; fileRef = 2730E010275DCC1B0082BE45 /* PercentageChange.swift */; };
		2730E014275DCC310082BE45 /* PriceChange.swift in Sources */ = {isa = PBXBuildFile; fileRef = 2730E013275DCC310082BE45 /* PriceChange.swift */; };
		2730E016275DCC8E0082BE45 /* WalletBalance.swift in Sources */ = {isa = PBXBuildFile; fileRef = 2730E015275DCC8E0082BE45 /* WalletBalance.swift */; };
		2730E018275DCD630082BE45 /* TransactionFee.swift in Sources */ = {isa = PBXBuildFile; fileRef = 2730E017275DCD630082BE45 /* TransactionFee.swift */; };
		2730E01A275DCDF60082BE45 /* MarketCap.swift in Sources */ = {isa = PBXBuildFile; fileRef = 2730E019275DCDF60082BE45 /* MarketCap.swift */; };
		2730E01D275DCF010082BE45 /* SendNotification.swift in Sources */ = {isa = PBXBuildFile; fileRef = 2730E01C275DCF010082BE45 /* SendNotification.swift */; };
		2730E01F275DD0570082BE45 /* SendText.swift in Sources */ = {isa = PBXBuildFile; fileRef = 2730E01E275DD0570082BE45 /* SendText.swift */; };
		2730E021275DD0920082BE45 /* SendEmail.swift in Sources */ = {isa = PBXBuildFile; fileRef = 2730E020275DD0920082BE45 /* SendEmail.swift */; };
		2730E023275DD0BF0082BE45 /* Buy.swift in Sources */ = {isa = PBXBuildFile; fileRef = 2730E022275DD0BF0082BE45 /* Buy.swift */; };
		2730E025275DD10B0082BE45 /* Sell.swift in Sources */ = {isa = PBXBuildFile; fileRef = 2730E024275DD10B0082BE45 /* Sell.swift */; };
		2730E027275DD1340082BE45 /* Transfer.swift in Sources */ = {isa = PBXBuildFile; fileRef = 2730E026275DD1340082BE45 /* Transfer.swift */; };
		2730E029275DD15B0082BE45 /* Swap.swift in Sources */ = {isa = PBXBuildFile; fileRef = 2730E028275DD15B0082BE45 /* Swap.swift */; };
		2730E02B275DD2030082BE45 /* ConditionType.swift in Sources */ = {isa = PBXBuildFile; fileRef = 2730E02A275DD2030082BE45 /* ConditionType.swift */; };
		2730E02D275DE9AC0082BE45 /* Automation.swift in Sources */ = {isa = PBXBuildFile; fileRef = 2730E02C275DE9AC0082BE45 /* Automation.swift */; };
		27410768276B0B8900E77A00 /* Introspect in Frameworks */ = {isa = PBXBuildFile; productRef = 27410767276B0B8900E77A00 /* Introspect */; };
		274BA39F2760DC8700B1E2D3 /* IconPicker.swift in Sources */ = {isa = PBXBuildFile; fileRef = 274BA39E2760DC8700B1E2D3 /* IconPicker.swift */; };
		274BA3A127622AF600B1E2D3 /* ComposerSheet.swift in Sources */ = {isa = PBXBuildFile; fileRef = 274BA3A027622AF600B1E2D3 /* ComposerSheet.swift */; };
		274BA3A427622B4000B1E2D3 /* RuleCell.swift in Sources */ = {isa = PBXBuildFile; fileRef = 274BA3A327622B4000B1E2D3 /* RuleCell.swift */; };
		27557D90276B068A0044A864 /* BottomSheet.swift in Sources */ = {isa = PBXBuildFile; fileRef = 270241B127687040003084E5 /* BottomSheet.swift */; };
		27557D91276B068A0044A864 /* BottomSheetViewController.swift in Sources */ = {isa = PBXBuildFile; fileRef = 270241B227687040003084E5 /* BottomSheetViewController.swift */; };
		27DA340127642F480035C7B0 /* ComposerViewModel.swift in Sources */ = {isa = PBXBuildFile; fileRef = 27DA340027642F480035C7B0 /* ComposerViewModel.swift */; };
		27DA340327643E2E0035C7B0 /* ComposerHeader.swift in Sources */ = {isa = PBXBuildFile; fileRef = 27DA340227643E2E0035C7B0 /* ComposerHeader.swift */; };
		27DA34052766D0970035C7B0 /* TextEntity.swift in Sources */ = {isa = PBXBuildFile; fileRef = 27DA34042766D0970035C7B0 /* TextEntity.swift */; };
		27E9E20A2769AF3E00EBB552 /* Model.xcdatamodeld in Sources */ = {isa = PBXBuildFile; fileRef = 27E9E2082769AF3E00EBB552 /* Model.xcdatamodeld */; };
		27E9E20D2769B06E00EBB552 /* PersistanceController.swift in Sources */ = {isa = PBXBuildFile; fileRef = 27E9E20C2769B06E00EBB552 /* PersistanceController.swift */; };
		27E9E20F2769B5CB00EBB552 /* Automation+CoreData.swift in Sources */ = {isa = PBXBuildFile; fileRef = 27E9E20E2769B5CB00EBB552 /* Automation+CoreData.swift */; };
		27E9E2132769B64900EBB552 /* Color+CoreData.swift in Sources */ = {isa = PBXBuildFile; fileRef = 27E9E2122769B64900EBB552 /* Color+CoreData.swift */; };
		27E9E2152769B6A500EBB552 /* Condition+CoreData.swift in Sources */ = {isa = PBXBuildFile; fileRef = 27E9E2142769B6A500EBB552 /* Condition+CoreData.swift */; };
		27E9E2172769B70700EBB552 /* Action+CoreData.swift in Sources */ = {isa = PBXBuildFile; fileRef = 27E9E2162769B70700EBB552 /* Action+CoreData.swift */; };
		27E9E2192769E85800EBB552 /* PercentageEditor.swift in Sources */ = {isa = PBXBuildFile; fileRef = 27E9E2182769E85800EBB552 /* PercentageEditor.swift */; };
		27E9E21B2769E8A000EBB552 /* EditorHeaderModifier.swift in Sources */ = {isa = PBXBuildFile; fileRef = 27E9E21A2769E8A000EBB552 /* EditorHeaderModifier.swift */; };
		27F12CC3275CE07400D87182 /* WoofApp.swift in Sources */ = {isa = PBXBuildFile; fileRef = 27F12CC2275CE07400D87182 /* WoofApp.swift */; };
		27F12CC5275CE07400D87182 /* WoofTabView.swift in Sources */ = {isa = PBXBuildFile; fileRef = 27F12CC4275CE07400D87182 /* WoofTabView.swift */; };
		27F12CC7275CE07400D87182 /* Assets.xcassets in Resources */ = {isa = PBXBuildFile; fileRef = 27F12CC6275CE07400D87182 /* Assets.xcassets */; };
		27F12CCA275CE07400D87182 /* Preview Assets.xcassets in Resources */ = {isa = PBXBuildFile; fileRef = 27F12CC9275CE07400D87182 /* Preview Assets.xcassets */; };
		27F12CD1275CE0E600D87182 /* HomeView.swift in Sources */ = {isa = PBXBuildFile; fileRef = 27F12CD0275CE0E600D87182 /* HomeView.swift */; };
		27F12CD3275CE0F500D87182 /* NotificationView.swift in Sources */ = {isa = PBXBuildFile; fileRef = 27F12CD2275CE0F500D87182 /* NotificationView.swift */; };
		27F12CD5275CE12200D87182 /* SettingsView.swift in Sources */ = {isa = PBXBuildFile; fileRef = 27F12CD4275CE12200D87182 /* SettingsView.swift */; };
		27F12CD7275CE42700D87182 /* Color+Extension.swift in Sources */ = {isa = PBXBuildFile; fileRef = 27F12CD6275CE42700D87182 /* Color+Extension.swift */; };
		27F12CD9275CEB8800D87182 /* ComposerView.swift in Sources */ = {isa = PBXBuildFile; fileRef = 27F12CD8275CEB8800D87182 /* ComposerView.swift */; };
		27F12CE3275D700600D87182 /* ActionList.swift in Sources */ = {isa = PBXBuildFile; fileRef = 27F12CE2275D700600D87182 /* ActionList.swift */; };
		27F12CE5275D75CC00D87182 /* CardRepresentable.swift in Sources */ = {isa = PBXBuildFile; fileRef = 27F12CE4275D75CC00D87182 /* CardRepresentable.swift */; };
		27F12CE7275D7D7900D87182 /* Number+Extension.swift in Sources */ = {isa = PBXBuildFile; fileRef = 27F12CE6275D7D7900D87182 /* Number+Extension.swift */; };
/* End PBXBuildFile section */

/* Begin PBXFileReference section */
		2702418A27670A26003084E5 /* Info.plist */ = {isa = PBXFileReference; lastKnownFileType = text.plist; path = Info.plist; sourceTree = "<group>"; };
		2702419127672DE9003084E5 /* View+floatingPanel.swift */ = {isa = PBXFileReference; fileEncoding = 4; lastKnownFileType = sourcecode.swift; path = "View+floatingPanel.swift"; sourceTree = "<group>"; };
		2702419227672DE9003084E5 /* View+floatingPanelContentMode.swift */ = {isa = PBXFileReference; fileEncoding = 4; lastKnownFileType = sourcecode.swift; path = "View+floatingPanelContentMode.swift"; sourceTree = "<group>"; };
		2702419327672DE9003084E5 /* View+floatingPanelSurfaceAppearance.swift */ = {isa = PBXFileReference; fileEncoding = 4; lastKnownFileType = sourcecode.swift; path = "View+floatingPanelSurfaceAppearance.swift"; sourceTree = "<group>"; };
		2702419427672DE9003084E5 /* FloatingPanelView.swift */ = {isa = PBXFileReference; fileEncoding = 4; lastKnownFileType = sourcecode.swift; path = FloatingPanelView.swift; sourceTree = "<group>"; };
		2702419527672DE9003084E5 /* UIHostingController+ignoreKeyboard.swift */ = {isa = PBXFileReference; fileEncoding = 4; lastKnownFileType = sourcecode.swift; path = "UIHostingController+ignoreKeyboard.swift"; sourceTree = "<group>"; };
		2702419627672DE9003084E5 /* View+floatingPanelGrabberHandlePadding.swift */ = {isa = PBXFileReference; fileEncoding = 4; lastKnownFileType = sourcecode.swift; path = "View+floatingPanelGrabberHandlePadding.swift"; sourceTree = "<group>"; };
		2702419727672DE9003084E5 /* View+floatingPanelContentInsetAdjustmentBehavior.swift */ = {isa = PBXFileReference; fileEncoding = 4; lastKnownFileType = sourcecode.swift; path = "View+floatingPanelContentInsetAdjustmentBehavior.swift"; sourceTree = "<group>"; };
		270241A227672F8A003084E5 /* SurfaceAppearance+phone.swift */ = {isa = PBXFileReference; fileEncoding = 4; lastKnownFileType = sourcecode.swift; path = "SurfaceAppearance+phone.swift"; sourceTree = "<group>"; };
		270241A42767301B003084E5 /* SearchBar.swift */ = {isa = PBXFileReference; fileEncoding = 4; lastKnownFileType = sourcecode.swift; path = SearchBar.swift; sourceTree = "<group>"; };
		270241AB27673812003084E5 /* PanelDelegate.swift */ = {isa = PBXFileReference; lastKnownFileType = sourcecode.swift; path = PanelDelegate.swift; sourceTree = "<group>"; };
		270241B127687040003084E5 /* BottomSheet.swift */ = {isa = PBXFileReference; fileEncoding = 4; lastKnownFileType = sourcecode.swift; path = BottomSheet.swift; sourceTree = "<group>"; };
		270241B227687040003084E5 /* BottomSheetViewController.swift */ = {isa = PBXFileReference; fileEncoding = 4; lastKnownFileType = sourcecode.swift; path = BottomSheetViewController.swift; sourceTree = "<group>"; };
		270241B62768723E003084E5 /* ComparatorEditor.swift */ = {isa = PBXFileReference; lastKnownFileType = sourcecode.swift; path = ComparatorEditor.swift; sourceTree = "<group>"; };
		270241B927698A36003084E5 /* String+Extension.swift */ = {isa = PBXFileReference; lastKnownFileType = sourcecode.swift; path = "String+Extension.swift"; sourceTree = "<group>"; };
		270241C627698E43003084E5 /* RoundedCorner.swift */ = {isa = PBXFileReference; fileEncoding = 4; lastKnownFileType = sourcecode.swift; path = RoundedCorner.swift; sourceTree = "<group>"; };
		270241C727698E43003084E5 /* BottomSheet.swift */ = {isa = PBXFileReference; fileEncoding = 4; lastKnownFileType = sourcecode.swift; path = BottomSheet.swift; sourceTree = "<group>"; };
		270241C827698E43003084E5 /* ViewExtension.swift */ = {isa = PBXFileReference; fileEncoding = 4; lastKnownFileType = sourcecode.swift; path = ViewExtension.swift; sourceTree = "<group>"; };
		2730DFFB275DB59B0082BE45 /* CalendarRule.swift */ = {isa = PBXFileReference; lastKnownFileType = sourcecode.swift; path = CalendarRule.swift; sourceTree = "<group>"; };
		2730DFFF275DBB770082BE45 /* Comparator.swift */ = {isa = PBXFileReference; lastKnownFileType = sourcecode.swift; path = Comparator.swift; sourceTree = "<group>"; };
		2730E001275DBB840082BE45 /* LogicalOperator.swift */ = {isa = PBXFileReference; lastKnownFileType = sourcecode.swift; path = LogicalOperator.swift; sourceTree = "<group>"; };
		2730E004275DBBA80082BE45 /* Crypto.swift */ = {isa = PBXFileReference; lastKnownFileType = sourcecode.swift; path = Crypto.swift; sourceTree = "<group>"; };
		2730E007275DBBBA0082BE45 /* Wallet.swift */ = {isa = PBXFileReference; lastKnownFileType = sourcecode.swift; path = Wallet.swift; sourceTree = "<group>"; };
		2730E009275DBBCE0082BE45 /* GenericActionCell.swift */ = {isa = PBXFileReference; lastKnownFileType = sourcecode.swift; path = GenericActionCell.swift; sourceTree = "<group>"; };
		2730E00C275DBD930082BE45 /* ActionType.swift */ = {isa = PBXFileReference; lastKnownFileType = sourcecode.swift; path = ActionType.swift; sourceTree = "<group>"; };
		2730E00E275DC45A0082BE45 /* AutomationSummaryCell.swift */ = {isa = PBXFileReference; lastKnownFileType = sourcecode.swift; path = AutomationSummaryCell.swift; sourceTree = "<group>"; };
		2730E010275DCC1B0082BE45 /* PercentageChange.swift */ = {isa = PBXFileReference; lastKnownFileType = sourcecode.swift; path = PercentageChange.swift; sourceTree = "<group>"; };
		2730E013275DCC310082BE45 /* PriceChange.swift */ = {isa = PBXFileReference; lastKnownFileType = sourcecode.swift; path = PriceChange.swift; sourceTree = "<group>"; };
		2730E015275DCC8E0082BE45 /* WalletBalance.swift */ = {isa = PBXFileReference; lastKnownFileType = sourcecode.swift; path = WalletBalance.swift; sourceTree = "<group>"; };
		2730E017275DCD630082BE45 /* TransactionFee.swift */ = {isa = PBXFileReference; lastKnownFileType = sourcecode.swift; path = TransactionFee.swift; sourceTree = "<group>"; };
		2730E019275DCDF60082BE45 /* MarketCap.swift */ = {isa = PBXFileReference; lastKnownFileType = sourcecode.swift; path = MarketCap.swift; sourceTree = "<group>"; };
		2730E01C275DCF010082BE45 /* SendNotification.swift */ = {isa = PBXFileReference; lastKnownFileType = sourcecode.swift; path = SendNotification.swift; sourceTree = "<group>"; };
		2730E01E275DD0570082BE45 /* SendText.swift */ = {isa = PBXFileReference; lastKnownFileType = sourcecode.swift; path = SendText.swift; sourceTree = "<group>"; };
		2730E020275DD0920082BE45 /* SendEmail.swift */ = {isa = PBXFileReference; lastKnownFileType = sourcecode.swift; path = SendEmail.swift; sourceTree = "<group>"; };
		2730E022275DD0BF0082BE45 /* Buy.swift */ = {isa = PBXFileReference; lastKnownFileType = sourcecode.swift; path = Buy.swift; sourceTree = "<group>"; };
		2730E024275DD10B0082BE45 /* Sell.swift */ = {isa = PBXFileReference; lastKnownFileType = sourcecode.swift; path = Sell.swift; sourceTree = "<group>"; };
		2730E026275DD1340082BE45 /* Transfer.swift */ = {isa = PBXFileReference; lastKnownFileType = sourcecode.swift; path = Transfer.swift; sourceTree = "<group>"; };
		2730E028275DD15B0082BE45 /* Swap.swift */ = {isa = PBXFileReference; lastKnownFileType = sourcecode.swift; path = Swap.swift; sourceTree = "<group>"; };
		2730E02A275DD2030082BE45 /* ConditionType.swift */ = {isa = PBXFileReference; lastKnownFileType = sourcecode.swift; path = ConditionType.swift; sourceTree = "<group>"; };
		2730E02C275DE9AC0082BE45 /* Automation.swift */ = {isa = PBXFileReference; lastKnownFileType = sourcecode.swift; path = Automation.swift; sourceTree = "<group>"; };
		274BA39E2760DC8700B1E2D3 /* IconPicker.swift */ = {isa = PBXFileReference; lastKnownFileType = sourcecode.swift; path = IconPicker.swift; sourceTree = "<group>"; };
		274BA3A027622AF600B1E2D3 /* ComposerSheet.swift */ = {isa = PBXFileReference; lastKnownFileType = sourcecode.swift; path = ComposerSheet.swift; sourceTree = "<group>"; };
		274BA3A327622B4000B1E2D3 /* RuleCell.swift */ = {isa = PBXFileReference; lastKnownFileType = sourcecode.swift; path = RuleCell.swift; sourceTree = "<group>"; };
		277387F5276A2725009A424A /* KeyboardHelper.swift */ = {isa = PBXFileReference; lastKnownFileType = sourcecode.swift; path = KeyboardHelper.swift; sourceTree = "<group>"; };
		27DA340027642F480035C7B0 /* ComposerViewModel.swift */ = {isa = PBXFileReference; lastKnownFileType = sourcecode.swift; path = ComposerViewModel.swift; sourceTree = "<group>"; };
		27DA340227643E2E0035C7B0 /* ComposerHeader.swift */ = {isa = PBXFileReference; lastKnownFileType = sourcecode.swift; path = ComposerHeader.swift; sourceTree = "<group>"; };
		27DA34042766D0970035C7B0 /* TextEntity.swift */ = {isa = PBXFileReference; lastKnownFileType = sourcecode.swift; path = TextEntity.swift; sourceTree = "<group>"; };
		27E9E2092769AF3E00EBB552 /* Model.xcdatamodel */ = {isa = PBXFileReference; lastKnownFileType = wrapper.xcdatamodel; path = Model.xcdatamodel; sourceTree = "<group>"; };
		27E9E20C2769B06E00EBB552 /* PersistanceController.swift */ = {isa = PBXFileReference; lastKnownFileType = sourcecode.swift; path = PersistanceController.swift; sourceTree = "<group>"; };
		27E9E20E2769B5CB00EBB552 /* Automation+CoreData.swift */ = {isa = PBXFileReference; lastKnownFileType = sourcecode.swift; path = "Automation+CoreData.swift"; sourceTree = "<group>"; };
		27E9E2122769B64900EBB552 /* Color+CoreData.swift */ = {isa = PBXFileReference; lastKnownFileType = sourcecode.swift; path = "Color+CoreData.swift"; sourceTree = "<group>"; };
		27E9E2142769B6A500EBB552 /* Condition+CoreData.swift */ = {isa = PBXFileReference; lastKnownFileType = sourcecode.swift; path = "Condition+CoreData.swift"; sourceTree = "<group>"; };
		27E9E2162769B70700EBB552 /* Action+CoreData.swift */ = {isa = PBXFileReference; lastKnownFileType = sourcecode.swift; path = "Action+CoreData.swift"; sourceTree = "<group>"; };
		27E9E2182769E85800EBB552 /* PercentageEditor.swift */ = {isa = PBXFileReference; lastKnownFileType = sourcecode.swift; path = PercentageEditor.swift; sourceTree = "<group>"; };
		27E9E21A2769E8A000EBB552 /* EditorHeaderModifier.swift */ = {isa = PBXFileReference; lastKnownFileType = sourcecode.swift; path = EditorHeaderModifier.swift; sourceTree = "<group>"; };
		27F12CBF275CE07400D87182 /* Woof.app */ = {isa = PBXFileReference; explicitFileType = wrapper.application; includeInIndex = 0; path = Woof.app; sourceTree = BUILT_PRODUCTS_DIR; };
		27F12CC2275CE07400D87182 /* WoofApp.swift */ = {isa = PBXFileReference; lastKnownFileType = sourcecode.swift; path = WoofApp.swift; sourceTree = "<group>"; };
		27F12CC4275CE07400D87182 /* WoofTabView.swift */ = {isa = PBXFileReference; lastKnownFileType = sourcecode.swift; path = WoofTabView.swift; sourceTree = "<group>"; };
		27F12CC6275CE07400D87182 /* Assets.xcassets */ = {isa = PBXFileReference; lastKnownFileType = folder.assetcatalog; path = Assets.xcassets; sourceTree = "<group>"; };
		27F12CC9275CE07400D87182 /* Preview Assets.xcassets */ = {isa = PBXFileReference; lastKnownFileType = folder.assetcatalog; path = "Preview Assets.xcassets"; sourceTree = "<group>"; };
		27F12CD0275CE0E600D87182 /* HomeView.swift */ = {isa = PBXFileReference; lastKnownFileType = sourcecode.swift; path = HomeView.swift; sourceTree = "<group>"; };
		27F12CD2275CE0F500D87182 /* NotificationView.swift */ = {isa = PBXFileReference; lastKnownFileType = sourcecode.swift; path = NotificationView.swift; sourceTree = "<group>"; };
		27F12CD4275CE12200D87182 /* SettingsView.swift */ = {isa = PBXFileReference; lastKnownFileType = sourcecode.swift; path = SettingsView.swift; sourceTree = "<group>"; };
		27F12CD6275CE42700D87182 /* Color+Extension.swift */ = {isa = PBXFileReference; lastKnownFileType = sourcecode.swift; path = "Color+Extension.swift"; sourceTree = "<group>"; };
		27F12CD8275CEB8800D87182 /* ComposerView.swift */ = {isa = PBXFileReference; lastKnownFileType = sourcecode.swift; path = ComposerView.swift; sourceTree = "<group>"; };
		27F12CE2275D700600D87182 /* ActionList.swift */ = {isa = PBXFileReference; lastKnownFileType = sourcecode.swift; path = ActionList.swift; sourceTree = "<group>"; };
		27F12CE4275D75CC00D87182 /* CardRepresentable.swift */ = {isa = PBXFileReference; lastKnownFileType = sourcecode.swift; path = CardRepresentable.swift; sourceTree = "<group>"; };
		27F12CE6275D7D7900D87182 /* Number+Extension.swift */ = {isa = PBXFileReference; lastKnownFileType = sourcecode.swift; path = "Number+Extension.swift"; sourceTree = "<group>"; };
/* End PBXFileReference section */

/* Begin PBXFrameworksBuildPhase section */
		27F12CBC275CE07400D87182 /* Frameworks */ = {
			isa = PBXFrameworksBuildPhase;
			buildActionMask = 2147483647;
			files = (
				270241A127672EC1003084E5 /* FloatingPanel in Frameworks */,
				27410768276B0B8900E77A00 /* Introspect in Frameworks */,
			);
			runOnlyForDeploymentPostprocessing = 0;
		};
/* End PBXFrameworksBuildPhase section */

/* Begin PBXGroup section */
		2702419027672DAD003084E5 /* Floating Sheet */ = {
			isa = PBXGroup;
			children = (
				2702419427672DE9003084E5 /* FloatingPanelView.swift */,
				270241AB27673812003084E5 /* PanelDelegate.swift */,
				270241A42767301B003084E5 /* SearchBar.swift */,
				2702419527672DE9003084E5 /* UIHostingController+ignoreKeyboard.swift */,
				2702419127672DE9003084E5 /* View+floatingPanel.swift */,
				2702419727672DE9003084E5 /* View+floatingPanelContentInsetAdjustmentBehavior.swift */,
				2702419227672DE9003084E5 /* View+floatingPanelContentMode.swift */,
				2702419627672DE9003084E5 /* View+floatingPanelGrabberHandlePadding.swift */,
				2702419327672DE9003084E5 /* View+floatingPanelSurfaceAppearance.swift */,
				270241A227672F8A003084E5 /* SurfaceAppearance+phone.swift */,
			);
			path = "Floating Sheet";
			sourceTree = "<group>";
		};
		270241AD2767387E003084E5 /* Composer Sheet */ = {
			isa = PBXGroup;
			children = (
				274BA3A027622AF600B1E2D3 /* ComposerSheet.swift */,
			);
			path = "Composer Sheet";
			sourceTree = "<group>";
		};
		270241B527687043003084E5 /* Native Sheet */ = {
			isa = PBXGroup;
			children = (
				270241B127687040003084E5 /* BottomSheet.swift */,
				270241B227687040003084E5 /* BottomSheetViewController.swift */,
			);
			path = "Native Sheet";
			sourceTree = "<group>";
		};
		270241B827687250003084E5 /* Editor */ = {
			isa = PBXGroup;
			children = (
				27E9E21A2769E8A000EBB552 /* EditorHeaderModifier.swift */,
				270241B62768723E003084E5 /* ComparatorEditor.swift */,
				27E9E2182769E85800EBB552 /* PercentageEditor.swift */,
			);
			path = Editor;
			sourceTree = "<group>";
		};
		2730E003275DBB8E0082BE45 /* Automation Models */ = {
			isa = PBXGroup;
			children = (
				2730E012275DCC1E0082BE45 /* Conditions */,
				2730E01B275DCEE30082BE45 /* Actions */,
				27F12CE4275D75CC00D87182 /* CardRepresentable.swift */,
				2730E001275DBB840082BE45 /* LogicalOperator.swift */,
				2730DFFF275DBB770082BE45 /* Comparator.swift */,
				2730DFFB275DB59B0082BE45 /* CalendarRule.swift */,
			);
			path = "Automation Models";
			sourceTree = "<group>";
		};
		2730E006275DBBAD0082BE45 /* Entities */ = {
			isa = PBXGroup;
			children = (
				2730E004275DBBA80082BE45 /* Crypto.swift */,
				2730E007275DBBBA0082BE45 /* Wallet.swift */,
				2730E02C275DE9AC0082BE45 /* Automation.swift */,
			);
			path = Entities;
			sourceTree = "<group>";
		};
		2730E00B275DBC070082BE45 /* UI Components */ = {
			isa = PBXGroup;
			children = (
				2730E00E275DC45A0082BE45 /* AutomationSummaryCell.swift */,
				2730E009275DBBCE0082BE45 /* GenericActionCell.swift */,
			);
			path = "UI Components";
			sourceTree = "<group>";
		};
		2730E012275DCC1E0082BE45 /* Conditions */ = {
			isa = PBXGroup;
			children = (
				2730E02A275DD2030082BE45 /* ConditionType.swift */,
				2730E010275DCC1B0082BE45 /* PercentageChange.swift */,
				2730E013275DCC310082BE45 /* PriceChange.swift */,
				2730E015275DCC8E0082BE45 /* WalletBalance.swift */,
				2730E017275DCD630082BE45 /* TransactionFee.swift */,
				2730E019275DCDF60082BE45 /* MarketCap.swift */,
			);
			path = Conditions;
			sourceTree = "<group>";
		};
		2730E01B275DCEE30082BE45 /* Actions */ = {
			isa = PBXGroup;
			children = (
				2730E00C275DBD930082BE45 /* ActionType.swift */,
				2730E01C275DCF010082BE45 /* SendNotification.swift */,
				2730E01E275DD0570082BE45 /* SendText.swift */,
				2730E020275DD0920082BE45 /* SendEmail.swift */,
				2730E022275DD0BF0082BE45 /* Buy.swift */,
				2730E024275DD10B0082BE45 /* Sell.swift */,
				2730E026275DD1340082BE45 /* Transfer.swift */,
				2730E028275DD15B0082BE45 /* Swap.swift */,
			);
			path = Actions;
			sourceTree = "<group>";
		};
		274BA3A227622AF800B1E2D3 /* Composer */ = {
			isa = PBXGroup;
			children = (
				274BA39E2760DC8700B1E2D3 /* IconPicker.swift */,
				274BA3A327622B4000B1E2D3 /* RuleCell.swift */,
				27F12CD8275CEB8800D87182 /* ComposerView.swift */,
				27DA340227643E2E0035C7B0 /* ComposerHeader.swift */,
				27DA340027642F480035C7B0 /* ComposerViewModel.swift */,
				27DA34042766D0970035C7B0 /* TextEntity.swift */,
				27F12CE2275D700600D87182 /* ActionList.swift */,
			);
			path = Composer;
			sourceTree = "<group>";
		};
		27E9E2062769AF0C00EBB552 /* Editor Sheet */ = {
			isa = PBXGroup;
			children = (
				277387F5276A2725009A424A /* KeyboardHelper.swift */,
				270241C727698E43003084E5 /* BottomSheet.swift */,
				270241C627698E43003084E5 /* RoundedCorner.swift */,
				270241C827698E43003084E5 /* ViewExtension.swift */,
			);
			path = "Editor Sheet";
			sourceTree = "<group>";
		};
		27E9E2072769AF1200EBB552 /* Sheets */ = {
			isa = PBXGroup;
			children = (
				2702419027672DAD003084E5 /* Floating Sheet */,
				270241B527687043003084E5 /* Native Sheet */,
				27E9E2062769AF0C00EBB552 /* Editor Sheet */,
			);
			path = Sheets;
			sourceTree = "<group>";
		};
		27E9E20B2769B05E00EBB552 /* Core Data */ = {
			isa = PBXGroup;
			children = (
				27E9E2082769AF3E00EBB552 /* Model.xcdatamodeld */,
				27E9E20C2769B06E00EBB552 /* PersistanceController.swift */,
				27E9E20E2769B5CB00EBB552 /* Automation+CoreData.swift */,
				27E9E2142769B6A500EBB552 /* Condition+CoreData.swift */,
				27E9E2162769B70700EBB552 /* Action+CoreData.swift */,
				27E9E2122769B64900EBB552 /* Color+CoreData.swift */,
			);
			path = "Core Data";
			sourceTree = "<group>";
		};
		27F12CB6275CE07400D87182 = {
			isa = PBXGroup;
			children = (
				27F12CC1275CE07400D87182 /* Woof */,
				27F12CD2275CE0F500D87182 /* NotificationView.swift */,
				27F12CD4275CE12200D87182 /* SettingsView.swift */,
				27F12CC0275CE07400D87182 /* Products */,
			);
			sourceTree = "<group>";
		};
		27F12CC0275CE07400D87182 /* Products */ = {
			isa = PBXGroup;
			children = (
				27F12CBF275CE07400D87182 /* Woof.app */,
			);
			name = Products;
			sourceTree = "<group>";
		};
		27F12CC1275CE07400D87182 /* Woof */ = {
			isa = PBXGroup;
			children = (
				2702418A27670A26003084E5 /* Info.plist */,
				27F12CC2275CE07400D87182 /* WoofApp.swift */,
				27F12CC4275CE07400D87182 /* WoofTabView.swift */,
				27F12CD0275CE0E600D87182 /* HomeView.swift */,
				2730E006275DBBAD0082BE45 /* Entities */,
				274BA3A227622AF800B1E2D3 /* Composer */,
				270241AD2767387E003084E5 /* Composer Sheet */,
				270241B827687250003084E5 /* Editor */,
				2730E003275DBB8E0082BE45 /* Automation Models */,
				2730E00B275DBC070082BE45 /* UI Components */,
				27F12CC8275CE07400D87182 /* Preview Content */,
				27E9E2072769AF1200EBB552 /* Sheets */,
				27F12CE8275D91D100D87182 /* Extension */,
				27E9E20B2769B05E00EBB552 /* Core Data */,
				27F12CC6275CE07400D87182 /* Assets.xcassets */,
			);
			path = Woof;
			sourceTree = "<group>";
		};
		27F12CC8275CE07400D87182 /* Preview Content */ = {
			isa = PBXGroup;
			children = (
				27F12CC9275CE07400D87182 /* Preview Assets.xcassets */,
			);
			path = "Preview Content";
			sourceTree = "<group>";
		};
		27F12CE8275D91D100D87182 /* Extension */ = {
			isa = PBXGroup;
			children = (
				27F12CE6275D7D7900D87182 /* Number+Extension.swift */,
				27F12CD6275CE42700D87182 /* Color+Extension.swift */,
				270241B927698A36003084E5 /* String+Extension.swift */,
			);
			path = Extension;
			sourceTree = "<group>";
		};
/* End PBXGroup section */

/* Begin PBXNativeTarget section */
		27F12CBE275CE07400D87182 /* Woof */ = {
			isa = PBXNativeTarget;
			buildConfigurationList = 27F12CCD275CE07400D87182 /* Build configuration list for PBXNativeTarget "Woof" */;
			buildPhases = (
				27F12CBB275CE07400D87182 /* Sources */,
				27F12CBC275CE07400D87182 /* Frameworks */,
				27F12CBD275CE07400D87182 /* Resources */,
			);
			buildRules = (
			);
			dependencies = (
			);
			name = Woof;
			packageProductDependencies = (
				270241A027672EC1003084E5 /* FloatingPanel */,
				27410767276B0B8900E77A00 /* Introspect */,
			);
			productName = Woof;
			productReference = 27F12CBF275CE07400D87182 /* Woof.app */;
			productType = "com.apple.product-type.application";
		};
/* End PBXNativeTarget section */

/* Begin PBXProject section */
		27F12CB7275CE07400D87182 /* Project object */ = {
			isa = PBXProject;
			attributes = {
				BuildIndependentTargetsInParallel = 1;
				LastSwiftUpdateCheck = 1310;
				LastUpgradeCheck = 1310;
				TargetAttributes = {
					27F12CBE275CE07400D87182 = {
						CreatedOnToolsVersion = 13.1;
					};
				};
			};
			buildConfigurationList = 27F12CBA275CE07400D87182 /* Build configuration list for PBXProject "Woof" */;
			compatibilityVersion = "Xcode 13.0";
			developmentRegion = en;
			hasScannedForEncodings = 0;
			knownRegions = (
				en,
				Base,
			);
			mainGroup = 27F12CB6275CE07400D87182;
			packageReferences = (
				2702419F27672EC1003084E5 /* XCRemoteSwiftPackageReference "FloatingPanel" */,
				27410766276B0B8900E77A00 /* XCRemoteSwiftPackageReference "SwiftUI-Introspect" */,
			);
			productRefGroup = 27F12CC0275CE07400D87182 /* Products */;
			projectDirPath = "";
			projectRoot = "";
			targets = (
				27F12CBE275CE07400D87182 /* Woof */,
			);
		};
/* End PBXProject section */

/* Begin PBXResourcesBuildPhase section */
		27F12CBD275CE07400D87182 /* Resources */ = {
			isa = PBXResourcesBuildPhase;
			buildActionMask = 2147483647;
			files = (
				27F12CCA275CE07400D87182 /* Preview Assets.xcassets in Resources */,
				27F12CC7275CE07400D87182 /* Assets.xcassets in Resources */,
			);
			runOnlyForDeploymentPostprocessing = 0;
		};
/* End PBXResourcesBuildPhase section */

/* Begin PBXSourcesBuildPhase section */
		27F12CBB275CE07400D87182 /* Sources */ = {
			isa = PBXSourcesBuildPhase;
			buildActionMask = 2147483647;
			files = (
				2730E023275DD0BF0082BE45 /* Buy.swift in Sources */,
				2730E008275DBBBA0082BE45 /* Wallet.swift in Sources */,
				274BA39F2760DC8700B1E2D3 /* IconPicker.swift in Sources */,
				27DA340127642F480035C7B0 /* ComposerViewModel.swift in Sources */,
				2730E018275DCD630082BE45 /* TransactionFee.swift in Sources */,
				270241A62767301B003084E5 /* SearchBar.swift in Sources */,
				2702419827672DE9003084E5 /* View+floatingPanel.swift in Sources */,
				27F12CD5275CE12200D87182 /* SettingsView.swift in Sources */,
				27F12CE5275D75CC00D87182 /* CardRepresentable.swift in Sources */,
				27F12CD9275CEB8800D87182 /* ComposerView.swift in Sources */,
				270241A327672F8A003084E5 /* SurfaceAppearance+phone.swift in Sources */,
				27F12CD1275CE0E600D87182 /* HomeView.swift in Sources */,
				27E9E21B2769E8A000EBB552 /* EditorHeaderModifier.swift in Sources */,
				2730E00F275DC45A0082BE45 /* AutomationSummaryCell.swift in Sources */,
				2702419A27672DE9003084E5 /* View+floatingPanelSurfaceAppearance.swift in Sources */,
				2730E016275DCC8E0082BE45 /* WalletBalance.swift in Sources */,
				2702419C27672DE9003084E5 /* UIHostingController+ignoreKeyboard.swift in Sources */,
				274BA3A427622B4000B1E2D3 /* RuleCell.swift in Sources */,
				274BA3A127622AF600B1E2D3 /* ComposerSheet.swift in Sources */,
				27E9E20F2769B5CB00EBB552 /* Automation+CoreData.swift in Sources */,
				27E9E2152769B6A500EBB552 /* Condition+CoreData.swift in Sources */,
				27F12CC5275CE07400D87182 /* WoofTabView.swift in Sources */,
				2730E02B275DD2030082BE45 /* ConditionType.swift in Sources */,
				27E9E2172769B70700EBB552 /* Action+CoreData.swift in Sources */,
				27F12CE3275D700600D87182 /* ActionList.swift in Sources */,
				2730E02D275DE9AC0082BE45 /* Automation.swift in Sources */,
				27DA340327643E2E0035C7B0 /* ComposerHeader.swift in Sources */,
				270241BA27698A36003084E5 /* String+Extension.swift in Sources */,
				2730E01D275DCF010082BE45 /* SendNotification.swift in Sources */,
				27F12CC3275CE07400D87182 /* WoofApp.swift in Sources */,
				27E9E2192769E85800EBB552 /* PercentageEditor.swift in Sources */,
				27E9E20D2769B06E00EBB552 /* PersistanceController.swift in Sources */,
				2730E025275DD10B0082BE45 /* Sell.swift in Sources */,
				270241AC27673812003084E5 /* PanelDelegate.swift in Sources */,
				2730E029275DD15B0082BE45 /* Swap.swift in Sources */,
				2730DFFC275DB59B0082BE45 /* CalendarRule.swift in Sources */,
				2730E00D275DBD930082BE45 /* ActionType.swift in Sources */,
				27F12CD3275CE0F500D87182 /* NotificationView.swift in Sources */,
				2702419927672DE9003084E5 /* View+floatingPanelContentMode.swift in Sources */,
				270241B72768723E003084E5 /* ComparatorEditor.swift in Sources */,
				27F12CE7275D7D7900D87182 /* Number+Extension.swift in Sources */,
				2730E014275DCC310082BE45 /* PriceChange.swift in Sources */,
				2702419D27672DE9003084E5 /* View+floatingPanelGrabberHandlePadding.swift in Sources */,
				27F12CD7275CE42700D87182 /* Color+Extension.swift in Sources */,
				27DA34052766D0970035C7B0 /* TextEntity.swift in Sources */,
				2730E011275DCC1B0082BE45 /* PercentageChange.swift in Sources */,
				27557D90276B068A0044A864 /* BottomSheet.swift in Sources */,
				27557D91276B068A0044A864 /* BottomSheetViewController.swift in Sources */,
				27E9E20A2769AF3E00EBB552 /* Model.xcdatamodeld in Sources */,
				2730E000275DBB770082BE45 /* Comparator.swift in Sources */,
				2702419E27672DE9003084E5 /* View+floatingPanelContentInsetAdjustmentBehavior.swift in Sources */,
				2730E021275DD0920082BE45 /* SendEmail.swift in Sources */,
				2730E01F275DD0570082BE45 /* SendText.swift in Sources */,
				2730E027275DD1340082BE45 /* Transfer.swift in Sources */,
				2730E01A275DCDF60082BE45 /* MarketCap.swift in Sources */,
				2730E00A275DBBCE0082BE45 /* GenericActionCell.swift in Sources */,
				27E9E2132769B64900EBB552 /* Color+CoreData.swift in Sources */,
				2730E005275DBBA80082BE45 /* Crypto.swift in Sources */,
				2730E002275DBB840082BE45 /* LogicalOperator.swift in Sources */,
				2702419B27672DE9003084E5 /* FloatingPanelView.swift in Sources */,
			);
			runOnlyForDeploymentPostprocessing = 0;
		};
/* End PBXSourcesBuildPhase section */

/* Begin XCBuildConfiguration section */
		27F12CCB275CE07400D87182 /* Debug */ = {
			isa = XCBuildConfiguration;
			buildSettings = {
				ALWAYS_SEARCH_USER_PATHS = NO;
				CLANG_ANALYZER_NONNULL = YES;
				CLANG_ANALYZER_NUMBER_OBJECT_CONVERSION = YES_AGGRESSIVE;
				CLANG_CXX_LANGUAGE_STANDARD = "gnu++17";
				CLANG_CXX_LIBRARY = "libc++";
				CLANG_ENABLE_MODULES = YES;
				CLANG_ENABLE_OBJC_ARC = YES;
				CLANG_ENABLE_OBJC_WEAK = YES;
				CLANG_WARN_BLOCK_CAPTURE_AUTORELEASING = YES;
				CLANG_WARN_BOOL_CONVERSION = YES;
				CLANG_WARN_COMMA = YES;
				CLANG_WARN_CONSTANT_CONVERSION = YES;
				CLANG_WARN_DEPRECATED_OBJC_IMPLEMENTATIONS = YES;
				CLANG_WARN_DIRECT_OBJC_ISA_USAGE = YES_ERROR;
				CLANG_WARN_DOCUMENTATION_COMMENTS = YES;
				CLANG_WARN_EMPTY_BODY = YES;
				CLANG_WARN_ENUM_CONVERSION = YES;
				CLANG_WARN_INFINITE_RECURSION = YES;
				CLANG_WARN_INT_CONVERSION = YES;
				CLANG_WARN_NON_LITERAL_NULL_CONVERSION = YES;
				CLANG_WARN_OBJC_IMPLICIT_RETAIN_SELF = YES;
				CLANG_WARN_OBJC_LITERAL_CONVERSION = YES;
				CLANG_WARN_OBJC_ROOT_CLASS = YES_ERROR;
				CLANG_WARN_QUOTED_INCLUDE_IN_FRAMEWORK_HEADER = YES;
				CLANG_WARN_RANGE_LOOP_ANALYSIS = YES;
				CLANG_WARN_STRICT_PROTOTYPES = YES;
				CLANG_WARN_SUSPICIOUS_MOVE = YES;
				CLANG_WARN_UNGUARDED_AVAILABILITY = YES_AGGRESSIVE;
				CLANG_WARN_UNREACHABLE_CODE = YES;
				CLANG_WARN__DUPLICATE_METHOD_MATCH = YES;
				COPY_PHASE_STRIP = NO;
				DEBUG_INFORMATION_FORMAT = dwarf;
				ENABLE_STRICT_OBJC_MSGSEND = YES;
				ENABLE_TESTABILITY = YES;
				GCC_C_LANGUAGE_STANDARD = gnu11;
				GCC_DYNAMIC_NO_PIC = NO;
				GCC_NO_COMMON_BLOCKS = YES;
				GCC_OPTIMIZATION_LEVEL = 0;
				GCC_PREPROCESSOR_DEFINITIONS = (
					"DEBUG=1",
					"$(inherited)",
				);
				GCC_WARN_64_TO_32_BIT_CONVERSION = YES;
				GCC_WARN_ABOUT_RETURN_TYPE = YES_ERROR;
				GCC_WARN_UNDECLARED_SELECTOR = YES;
				GCC_WARN_UNINITIALIZED_AUTOS = YES_AGGRESSIVE;
				GCC_WARN_UNUSED_FUNCTION = YES;
				GCC_WARN_UNUSED_VARIABLE = YES;
				IPHONEOS_DEPLOYMENT_TARGET = 15.0;
				MTL_ENABLE_DEBUG_INFO = INCLUDE_SOURCE;
				MTL_FAST_MATH = YES;
				ONLY_ACTIVE_ARCH = YES;
				SDKROOT = iphoneos;
				SWIFT_ACTIVE_COMPILATION_CONDITIONS = DEBUG;
				SWIFT_OPTIMIZATION_LEVEL = "-Onone";
			};
			name = Debug;
		};
		27F12CCC275CE07400D87182 /* Release */ = {
			isa = XCBuildConfiguration;
			buildSettings = {
				ALWAYS_SEARCH_USER_PATHS = NO;
				CLANG_ANALYZER_NONNULL = YES;
				CLANG_ANALYZER_NUMBER_OBJECT_CONVERSION = YES_AGGRESSIVE;
				CLANG_CXX_LANGUAGE_STANDARD = "gnu++17";
				CLANG_CXX_LIBRARY = "libc++";
				CLANG_ENABLE_MODULES = YES;
				CLANG_ENABLE_OBJC_ARC = YES;
				CLANG_ENABLE_OBJC_WEAK = YES;
				CLANG_WARN_BLOCK_CAPTURE_AUTORELEASING = YES;
				CLANG_WARN_BOOL_CONVERSION = YES;
				CLANG_WARN_COMMA = YES;
				CLANG_WARN_CONSTANT_CONVERSION = YES;
				CLANG_WARN_DEPRECATED_OBJC_IMPLEMENTATIONS = YES;
				CLANG_WARN_DIRECT_OBJC_ISA_USAGE = YES_ERROR;
				CLANG_WARN_DOCUMENTATION_COMMENTS = YES;
				CLANG_WARN_EMPTY_BODY = YES;
				CLANG_WARN_ENUM_CONVERSION = YES;
				CLANG_WARN_INFINITE_RECURSION = YES;
				CLANG_WARN_INT_CONVERSION = YES;
				CLANG_WARN_NON_LITERAL_NULL_CONVERSION = YES;
				CLANG_WARN_OBJC_IMPLICIT_RETAIN_SELF = YES;
				CLANG_WARN_OBJC_LITERAL_CONVERSION = YES;
				CLANG_WARN_OBJC_ROOT_CLASS = YES_ERROR;
				CLANG_WARN_QUOTED_INCLUDE_IN_FRAMEWORK_HEADER = YES;
				CLANG_WARN_RANGE_LOOP_ANALYSIS = YES;
				CLANG_WARN_STRICT_PROTOTYPES = YES;
				CLANG_WARN_SUSPICIOUS_MOVE = YES;
				CLANG_WARN_UNGUARDED_AVAILABILITY = YES_AGGRESSIVE;
				CLANG_WARN_UNREACHABLE_CODE = YES;
				CLANG_WARN__DUPLICATE_METHOD_MATCH = YES;
				COPY_PHASE_STRIP = NO;
				DEBUG_INFORMATION_FORMAT = "dwarf-with-dsym";
				ENABLE_NS_ASSERTIONS = NO;
				ENABLE_STRICT_OBJC_MSGSEND = YES;
				GCC_C_LANGUAGE_STANDARD = gnu11;
				GCC_NO_COMMON_BLOCKS = YES;
				GCC_WARN_64_TO_32_BIT_CONVERSION = YES;
				GCC_WARN_ABOUT_RETURN_TYPE = YES_ERROR;
				GCC_WARN_UNDECLARED_SELECTOR = YES;
				GCC_WARN_UNINITIALIZED_AUTOS = YES_AGGRESSIVE;
				GCC_WARN_UNUSED_FUNCTION = YES;
				GCC_WARN_UNUSED_VARIABLE = YES;
				IPHONEOS_DEPLOYMENT_TARGET = 15.0;
				MTL_ENABLE_DEBUG_INFO = NO;
				MTL_FAST_MATH = YES;
				SDKROOT = iphoneos;
				SWIFT_COMPILATION_MODE = wholemodule;
				SWIFT_OPTIMIZATION_LEVEL = "-O";
				VALIDATE_PRODUCT = YES;
			};
			name = Release;
		};
		27F12CCE275CE07400D87182 /* Debug */ = {
			isa = XCBuildConfiguration;
			buildSettings = {
				ASSETCATALOG_COMPILER_APPICON_NAME = AppIcon;
				ASSETCATALOG_COMPILER_GLOBAL_ACCENT_COLOR_NAME = AccentColor;
				CODE_SIGN_STYLE = Automatic;
				CURRENT_PROJECT_VERSION = 1;
				DEVELOPMENT_ASSET_PATHS = "\"Woof/Preview Content\"";
				DEVELOPMENT_TEAM = 7J57M62A98;
				ENABLE_PREVIEWS = YES;
				GENERATE_INFOPLIST_FILE = YES;
				INFOPLIST_FILE = Woof/Info.plist;
				INFOPLIST_KEY_UIApplicationSceneManifest_Generation = YES;
				INFOPLIST_KEY_UIApplicationSupportsIndirectInputEvents = YES;
				INFOPLIST_KEY_UILaunchScreen_Generation = YES;
				INFOPLIST_KEY_UISupportedInterfaceOrientations_iPad = "UIInterfaceOrientationPortrait UIInterfaceOrientationPortraitUpsideDown UIInterfaceOrientationLandscapeLeft UIInterfaceOrientationLandscapeRight";
				INFOPLIST_KEY_UISupportedInterfaceOrientations_iPhone = "UIInterfaceOrientationPortrait UIInterfaceOrientationLandscapeLeft UIInterfaceOrientationLandscapeRight";
				LD_RUNPATH_SEARCH_PATHS = (
					"$(inherited)",
					"@executable_path/Frameworks",
				);
				MARKETING_VERSION = 1.0;
				PRODUCT_BUNDLE_IDENTIFIER = com.mjc.Woof;
				PRODUCT_NAME = "$(TARGET_NAME)";
				SWIFT_EMIT_LOC_STRINGS = YES;
				SWIFT_VERSION = 5.0;
				TARGETED_DEVICE_FAMILY = "1,2";
			};
			name = Debug;
		};
		27F12CCF275CE07400D87182 /* Release */ = {
			isa = XCBuildConfiguration;
			buildSettings = {
				ASSETCATALOG_COMPILER_APPICON_NAME = AppIcon;
				ASSETCATALOG_COMPILER_GLOBAL_ACCENT_COLOR_NAME = AccentColor;
				CODE_SIGN_STYLE = Automatic;
				CURRENT_PROJECT_VERSION = 1;
				DEVELOPMENT_ASSET_PATHS = "\"Woof/Preview Content\"";
				DEVELOPMENT_TEAM = 7J57M62A98;
				ENABLE_PREVIEWS = YES;
				GENERATE_INFOPLIST_FILE = YES;
				INFOPLIST_FILE = Woof/Info.plist;
				INFOPLIST_KEY_UIApplicationSceneManifest_Generation = YES;
				INFOPLIST_KEY_UIApplicationSupportsIndirectInputEvents = YES;
				INFOPLIST_KEY_UILaunchScreen_Generation = YES;
				INFOPLIST_KEY_UISupportedInterfaceOrientations_iPad = "UIInterfaceOrientationPortrait UIInterfaceOrientationPortraitUpsideDown UIInterfaceOrientationLandscapeLeft UIInterfaceOrientationLandscapeRight";
				INFOPLIST_KEY_UISupportedInterfaceOrientations_iPhone = "UIInterfaceOrientationPortrait UIInterfaceOrientationLandscapeLeft UIInterfaceOrientationLandscapeRight";
				LD_RUNPATH_SEARCH_PATHS = (
					"$(inherited)",
					"@executable_path/Frameworks",
				);
				MARKETING_VERSION = 1.0;
				PRODUCT_BUNDLE_IDENTIFIER = com.mjc.Woof;
				PRODUCT_NAME = "$(TARGET_NAME)";
				SWIFT_EMIT_LOC_STRINGS = YES;
				SWIFT_VERSION = 5.0;
				TARGETED_DEVICE_FAMILY = "1,2";
			};
			name = Release;
		};
/* End XCBuildConfiguration section */

/* Begin XCConfigurationList section */
		27F12CBA275CE07400D87182 /* Build configuration list for PBXProject "Woof" */ = {
			isa = XCConfigurationList;
			buildConfigurations = (
				27F12CCB275CE07400D87182 /* Debug */,
				27F12CCC275CE07400D87182 /* Release */,
			);
			defaultConfigurationIsVisible = 0;
			defaultConfigurationName = Release;
		};
		27F12CCD275CE07400D87182 /* Build configuration list for PBXNativeTarget "Woof" */ = {
			isa = XCConfigurationList;
			buildConfigurations = (
				27F12CCE275CE07400D87182 /* Debug */,
				27F12CCF275CE07400D87182 /* Release */,
			);
			defaultConfigurationIsVisible = 0;
			defaultConfigurationName = Release;
		};
/* End XCConfigurationList section */

/* Begin XCRemoteSwiftPackageReference section */
		2702419F27672EC1003084E5 /* XCRemoteSwiftPackageReference "FloatingPanel" */ = {
			isa = XCRemoteSwiftPackageReference;
			repositoryURL = "https://github.com/scenee/FloatingPanel";
			requirement = {
				branch = master;
				kind = branch;
			};
		};
		27410766276B0B8900E77A00 /* XCRemoteSwiftPackageReference "SwiftUI-Introspect" */ = {
			isa = XCRemoteSwiftPackageReference;
			repositoryURL = "https://github.com/siteline/SwiftUI-Introspect";
			requirement = {
				branch = master;
				kind = branch;
			};
		};
/* End XCRemoteSwiftPackageReference section */

/* Begin XCSwiftPackageProductDependency section */
		270241A027672EC1003084E5 /* FloatingPanel */ = {
			isa = XCSwiftPackageProductDependency;
			package = 2702419F27672EC1003084E5 /* XCRemoteSwiftPackageReference "FloatingPanel" */;
			productName = FloatingPanel;
		};
		27410767276B0B8900E77A00 /* Introspect */ = {
			isa = XCSwiftPackageProductDependency;
			package = 27410766276B0B8900E77A00 /* XCRemoteSwiftPackageReference "SwiftUI-Introspect" */;
			productName = Introspect;
		};
/* End XCSwiftPackageProductDependency section */

/* Begin XCVersionGroup section */
		27E9E2082769AF3E00EBB552 /* Model.xcdatamodeld */ = {
			isa = XCVersionGroup;
			children = (
				27E9E2092769AF3E00EBB552 /* Model.xcdatamodel */,
			);
			currentVersion = 27E9E2092769AF3E00EBB552 /* Model.xcdatamodel */;
			path = Model.xcdatamodeld;
			sourceTree = "<group>";
			versionGroupType = wrapper.xcdatamodel;
		};
/* End XCVersionGroup section */
	};
	rootObject = 27F12CB7275CE07400D87182 /* Project object */;
}
